// !$*UTF8*$!
{
	archiveVersion = 1;
	classes = {
	};
	objectVersion = 55;
	objects = {

/* Begin PBXBuildFile section */
		C17B70A228B5AC4F00AB9560 /* Alamofire.xcframework in Frameworks */ = {isa = PBXBuildFile; fileRef = C17B709E28B5AC4F00AB9560 /* Alamofire.xcframework */; };
		C17B70A328B5AC4F00AB9560 /* Alamofire.xcframework in Embed Frameworks */ = {isa = PBXBuildFile; fileRef = C17B709E28B5AC4F00AB9560 /* Alamofire.xcframework */; settings = {ATTRIBUTES = (CodeSignOnCopy, RemoveHeadersOnCopy, ); }; };
		C17B70A428B5AC4F00AB9560 /* MarqueeLabel.xcframework in Frameworks */ = {isa = PBXBuildFile; fileRef = C17B709F28B5AC4F00AB9560 /* MarqueeLabel.xcframework */; };
		C17B70A528B5AC4F00AB9560 /* MarqueeLabel.xcframework in Embed Frameworks */ = {isa = PBXBuildFile; fileRef = C17B709F28B5AC4F00AB9560 /* MarqueeLabel.xcframework */; settings = {ATTRIBUTES = (CodeSignOnCopy, RemoveHeadersOnCopy, ); }; };
		C17B70A628B5AC4F00AB9560 /* NotificationBanner.xcframework in Frameworks */ = {isa = PBXBuildFile; fileRef = C17B70A028B5AC4F00AB9560 /* NotificationBanner.xcframework */; };
		C17B70A728B5AC4F00AB9560 /* NotificationBanner.xcframework in Embed Frameworks */ = {isa = PBXBuildFile; fileRef = C17B70A028B5AC4F00AB9560 /* NotificationBanner.xcframework */; settings = {ATTRIBUTES = (CodeSignOnCopy, RemoveHeadersOnCopy, ); }; };
		C17B70A828B5AC4F00AB9560 /* SnapKit.xcframework in Frameworks */ = {isa = PBXBuildFile; fileRef = C17B70A128B5AC4F00AB9560 /* SnapKit.xcframework */; };
		C17B70A928B5AC4F00AB9560 /* SnapKit.xcframework in Embed Frameworks */ = {isa = PBXBuildFile; fileRef = C17B70A128B5AC4F00AB9560 /* SnapKit.xcframework */; settings = {ATTRIBUTES = (CodeSignOnCopy, RemoveHeadersOnCopy, ); }; };
		C17B70B028B5B16900AB9560 /* Endpoints.swift in Sources */ = {isa = PBXBuildFile; fileRef = C17B70AF28B5B16900AB9560 /* Endpoints.swift */; };
		C17B70B428B5B25A00AB9560 /* ReqLogin.swift in Sources */ = {isa = PBXBuildFile; fileRef = C17B70B328B5B25A00AB9560 /* ReqLogin.swift */; };
		C17B70B628B5B26700AB9560 /* ResLoginRegister.swift in Sources */ = {isa = PBXBuildFile; fileRef = C17B70B528B5B26700AB9560 /* ResLoginRegister.swift */; };
		C17B70B928B5B2C900AB9560 /* User.swift in Sources */ = {isa = PBXBuildFile; fileRef = C17B70B828B5B2C900AB9560 /* User.swift */; };
		C17B70BB28B5B36700AB9560 /* ResError.swift in Sources */ = {isa = PBXBuildFile; fileRef = C17B70BA28B5B36700AB9560 /* ResError.swift */; };
		C17B70BD28B5B40600AB9560 /* ReqRegister.swift in Sources */ = {isa = PBXBuildFile; fileRef = C17B70BC28B5B40600AB9560 /* ReqRegister.swift */; };
		C17B70BF28B5B48C00AB9560 /* ResIndexTweets.swift in Sources */ = {isa = PBXBuildFile; fileRef = C17B70BE28B5B48C00AB9560 /* ResIndexTweets.swift */; };
		C17B70C128B5B4BD00AB9560 /* Location.swift in Sources */ = {isa = PBXBuildFile; fileRef = C17B70C028B5B4BD00AB9560 /* Location.swift */; };
		C17B70C328B5B5C100AB9560 /* ReqStoreTweet.swift in Sources */ = {isa = PBXBuildFile; fileRef = C17B70C228B5B5C100AB9560 /* ReqStoreTweet.swift */; };
		C17B70C528B5B6C300AB9560 /* ResDestroyTweet.swift in Sources */ = {isa = PBXBuildFile; fileRef = C17B70C428B5B6C300AB9560 /* ResDestroyTweet.swift */; };
		C17CB46028A9D21A00FE54F3 /* AppDelegate.swift in Sources */ = {isa = PBXBuildFile; fileRef = C17CB45F28A9D21A00FE54F3 /* AppDelegate.swift */; };
		C17CB46228A9D21A00FE54F3 /* SceneDelegate.swift in Sources */ = {isa = PBXBuildFile; fileRef = C17CB46128A9D21A00FE54F3 /* SceneDelegate.swift */; };
		C17CB46428A9D21A00FE54F3 /* OnBoardingViewController.swift in Sources */ = {isa = PBXBuildFile; fileRef = C17CB46328A9D21A00FE54F3 /* OnBoardingViewController.swift */; };
		C17CB46728A9D21A00FE54F3 /* OnBoarding.storyboard in Resources */ = {isa = PBXBuildFile; fileRef = C17CB46528A9D21A00FE54F3 /* OnBoarding.storyboard */; };
		C17CB46928A9D22000FE54F3 /* Assets.xcassets in Resources */ = {isa = PBXBuildFile; fileRef = C17CB46828A9D22000FE54F3 /* Assets.xcassets */; };
		C17CB46C28A9D22000FE54F3 /* LaunchScreen.storyboard in Resources */ = {isa = PBXBuildFile; fileRef = C17CB46A28A9D22000FE54F3 /* LaunchScreen.storyboard */; };
		C17CB48128A9D3CF00FE54F3 /* MyCustomView.swift in Sources */ = {isa = PBXBuildFile; fileRef = C17CB48028A9D3CF00FE54F3 /* MyCustomView.swift */; };
		C17CB48628A9D47800FE54F3 /* Media.xcassets in Resources */ = {isa = PBXBuildFile; fileRef = C17CB48528A9D47800FE54F3 /* Media.xcassets */; };
		C17CB48828A9D52100FE54F3 /* SingInViewController.swift in Sources */ = {isa = PBXBuildFile; fileRef = C17CB48728A9D52100FE54F3 /* SingInViewController.swift */; };
		C17CB48A28A9D52D00FE54F3 /* SingUpViewController.swift in Sources */ = {isa = PBXBuildFile; fileRef = C17CB48928A9D52D00FE54F3 /* SingUpViewController.swift */; };
		C17CB48D28A9D5A200FE54F3 /* SingIn.storyboard in Resources */ = {isa = PBXBuildFile; fileRef = C17CB48C28A9D5A200FE54F3 /* SingIn.storyboard */; };
		C17CB48F28A9D5AF00FE54F3 /* SingUp.storyboard in Resources */ = {isa = PBXBuildFile; fileRef = C17CB48E28A9D5AE00FE54F3 /* SingUp.storyboard */; };
		C17CB49228A9D6E500FE54F3 /* Main.storyboard in Resources */ = {isa = PBXBuildFile; fileRef = C17CB49128A9D6E500FE54F3 /* Main.storyboard */; };
		C1CD346028B1C31600763C6E /* MainTabBarViewController.swift in Sources */ = {isa = PBXBuildFile; fileRef = C1CD345F28B1C31600763C6E /* MainTabBarViewController.swift */; };
		C1CD346628B1F7F000763C6E /* Home.storyboard in Resources */ = {isa = PBXBuildFile; fileRef = C1CD346528B1F7F000763C6E /* Home.storyboard */; };
		C1CD346828B1F80800763C6E /* Star.storyboard in Resources */ = {isa = PBXBuildFile; fileRef = C1CD346728B1F80800763C6E /* Star.storyboard */; };
		C1CD346A28B1F83100763C6E /* Add.storyboard in Resources */ = {isa = PBXBuildFile; fileRef = C1CD346928B1F83100763C6E /* Add.storyboard */; };
		C1CD346C28B1F84C00763C6E /* Map.storyboard in Resources */ = {isa = PBXBuildFile; fileRef = C1CD346B28B1F84C00763C6E /* Map.storyboard */; };
		C1CD346E28B1F86600763C6E /* Profile.storyboard in Resources */ = {isa = PBXBuildFile; fileRef = C1CD346D28B1F86600763C6E /* Profile.storyboard */; };
		C1CD347128B1F93100763C6E /* HomeViewController.swift in Sources */ = {isa = PBXBuildFile; fileRef = C1CD347028B1F93100763C6E /* HomeViewController.swift */; };
		C1CD347328B1F94200763C6E /* StarViewController.swift in Sources */ = {isa = PBXBuildFile; fileRef = C1CD347228B1F94200763C6E /* StarViewController.swift */; };
		C1CD347628B1F95500763C6E /* MapViewController.swift in Sources */ = {isa = PBXBuildFile; fileRef = C1CD347528B1F95500763C6E /* MapViewController.swift */; };
		C1CD347928B1F96E00763C6E /* ProfileViewController.swift in Sources */ = {isa = PBXBuildFile; fileRef = C1CD347828B1F96E00763C6E /* ProfileViewController.swift */; };
		C1CD347B28B1F97F00763C6E /* AddViewController.swift in Sources */ = {isa = PBXBuildFile; fileRef = C1CD347A28B1F97F00763C6E /* AddViewController.swift */; };
/* End PBXBuildFile section */

/* Begin PBXCopyFilesBuildPhase section */
		C17B70AA28B5AC4F00AB9560 /* Embed Frameworks */ = {
			isa = PBXCopyFilesBuildPhase;
			buildActionMask = 2147483647;
			dstPath = "";
			dstSubfolderSpec = 10;
			files = (
				C17B70A928B5AC4F00AB9560 /* SnapKit.xcframework in Embed Frameworks */,
				C17B70A728B5AC4F00AB9560 /* NotificationBanner.xcframework in Embed Frameworks */,
				C17B70A328B5AC4F00AB9560 /* Alamofire.xcframework in Embed Frameworks */,
				C17B70A528B5AC4F00AB9560 /* MarqueeLabel.xcframework in Embed Frameworks */,
			);
			name = "Embed Frameworks";
			runOnlyForDeploymentPostprocessing = 0;
		};
/* End PBXCopyFilesBuildPhase section */

/* Begin PBXFileReference section */
		C17B709E28B5AC4F00AB9560 /* Alamofire.xcframework */ = {isa = PBXFileReference; lastKnownFileType = wrapper.xcframework; name = Alamofire.xcframework; path = Carthage/Build/Alamofire.xcframework; sourceTree = "<group>"; };
		C17B709F28B5AC4F00AB9560 /* MarqueeLabel.xcframework */ = {isa = PBXFileReference; lastKnownFileType = wrapper.xcframework; name = MarqueeLabel.xcframework; path = Carthage/Build/MarqueeLabel.xcframework; sourceTree = "<group>"; };
		C17B70A028B5AC4F00AB9560 /* NotificationBanner.xcframework */ = {isa = PBXFileReference; lastKnownFileType = wrapper.xcframework; name = NotificationBanner.xcframework; path = Carthage/Build/NotificationBanner.xcframework; sourceTree = "<group>"; };
		C17B70A128B5AC4F00AB9560 /* SnapKit.xcframework */ = {isa = PBXFileReference; lastKnownFileType = wrapper.xcframework; name = SnapKit.xcframework; path = Carthage/Build/SnapKit.xcframework; sourceTree = "<group>"; };
		C17B70AF28B5B16900AB9560 /* Endpoints.swift */ = {isa = PBXFileReference; lastKnownFileType = sourcecode.swift; path = Endpoints.swift; sourceTree = "<group>"; };
		C17B70B328B5B25A00AB9560 /* ReqLogin.swift */ = {isa = PBXFileReference; lastKnownFileType = sourcecode.swift; path = ReqLogin.swift; sourceTree = "<group>"; };
		C17B70B528B5B26700AB9560 /* ResLoginRegister.swift */ = {isa = PBXFileReference; lastKnownFileType = sourcecode.swift; path = ResLoginRegister.swift; sourceTree = "<group>"; };
		C17B70B828B5B2C900AB9560 /* User.swift */ = {isa = PBXFileReference; lastKnownFileType = sourcecode.swift; path = User.swift; sourceTree = "<group>"; };
		C17B70BA28B5B36700AB9560 /* ResError.swift */ = {isa = PBXFileReference; lastKnownFileType = sourcecode.swift; path = ResError.swift; sourceTree = "<group>"; };
		C17B70BC28B5B40600AB9560 /* ReqRegister.swift */ = {isa = PBXFileReference; lastKnownFileType = sourcecode.swift; path = ReqRegister.swift; sourceTree = "<group>"; };
		C17B70BE28B5B48C00AB9560 /* ResIndexTweets.swift */ = {isa = PBXFileReference; lastKnownFileType = sourcecode.swift; path = ResIndexTweets.swift; sourceTree = "<group>"; };
		C17B70C028B5B4BD00AB9560 /* Location.swift */ = {isa = PBXFileReference; lastKnownFileType = sourcecode.swift; path = Location.swift; sourceTree = "<group>"; };
		C17B70C228B5B5C100AB9560 /* ReqStoreTweet.swift */ = {isa = PBXFileReference; lastKnownFileType = sourcecode.swift; path = ReqStoreTweet.swift; sourceTree = "<group>"; };
		C17B70C428B5B6C300AB9560 /* ResDestroyTweet.swift */ = {isa = PBXFileReference; lastKnownFileType = sourcecode.swift; path = ResDestroyTweet.swift; sourceTree = "<group>"; };
		C17CB45C28A9D21A00FE54F3 /* ProyectoTwitter.app */ = {isa = PBXFileReference; explicitFileType = wrapper.application; includeInIndex = 0; path = ProyectoTwitter.app; sourceTree = BUILT_PRODUCTS_DIR; };
		C17CB45F28A9D21A00FE54F3 /* AppDelegate.swift */ = {isa = PBXFileReference; lastKnownFileType = sourcecode.swift; path = AppDelegate.swift; sourceTree = "<group>"; };
		C17CB46128A9D21A00FE54F3 /* SceneDelegate.swift */ = {isa = PBXFileReference; lastKnownFileType = sourcecode.swift; path = SceneDelegate.swift; sourceTree = "<group>"; };
		C17CB46328A9D21A00FE54F3 /* OnBoardingViewController.swift */ = {isa = PBXFileReference; lastKnownFileType = sourcecode.swift; path = OnBoardingViewController.swift; sourceTree = "<group>"; };
		C17CB46628A9D21A00FE54F3 /* Base */ = {isa = PBXFileReference; lastKnownFileType = file.storyboard; name = Base; path = Base.lproj/OnBoarding.storyboard; sourceTree = "<group>"; };
		C17CB46828A9D22000FE54F3 /* Assets.xcassets */ = {isa = PBXFileReference; lastKnownFileType = folder.assetcatalog; path = Assets.xcassets; sourceTree = "<group>"; };
		C17CB46B28A9D22000FE54F3 /* Base */ = {isa = PBXFileReference; lastKnownFileType = file.storyboard; name = Base; path = Base.lproj/LaunchScreen.storyboard; sourceTree = "<group>"; };
		C17CB46D28A9D22000FE54F3 /* Info.plist */ = {isa = PBXFileReference; lastKnownFileType = text.plist.xml; path = Info.plist; sourceTree = "<group>"; };
		C17CB48028A9D3CF00FE54F3 /* MyCustomView.swift */ = {isa = PBXFileReference; lastKnownFileType = sourcecode.swift; path = MyCustomView.swift; sourceTree = "<group>"; };
		C17CB48528A9D47800FE54F3 /* Media.xcassets */ = {isa = PBXFileReference; lastKnownFileType = folder.assetcatalog; path = Media.xcassets; sourceTree = "<group>"; };
		C17CB48728A9D52100FE54F3 /* SingInViewController.swift */ = {isa = PBXFileReference; lastKnownFileType = sourcecode.swift; path = SingInViewController.swift; sourceTree = "<group>"; };
		C17CB48928A9D52D00FE54F3 /* SingUpViewController.swift */ = {isa = PBXFileReference; lastKnownFileType = sourcecode.swift; path = SingUpViewController.swift; sourceTree = "<group>"; };
		C17CB48C28A9D5A200FE54F3 /* SingIn.storyboard */ = {isa = PBXFileReference; lastKnownFileType = file.storyboard; path = SingIn.storyboard; sourceTree = "<group>"; };
		C17CB48E28A9D5AE00FE54F3 /* SingUp.storyboard */ = {isa = PBXFileReference; lastKnownFileType = file.storyboard; path = SingUp.storyboard; sourceTree = "<group>"; };
		C17CB49128A9D6E500FE54F3 /* Main.storyboard */ = {isa = PBXFileReference; lastKnownFileType = file.storyboard; path = Main.storyboard; sourceTree = "<group>"; };
		C1CD345F28B1C31600763C6E /* MainTabBarViewController.swift */ = {isa = PBXFileReference; lastKnownFileType = sourcecode.swift; path = MainTabBarViewController.swift; sourceTree = "<group>"; };
		C1CD346528B1F7F000763C6E /* Home.storyboard */ = {isa = PBXFileReference; fileEncoding = 4; lastKnownFileType = file.storyboard; path = Home.storyboard; sourceTree = "<group>"; };
		C1CD346728B1F80800763C6E /* Star.storyboard */ = {isa = PBXFileReference; fileEncoding = 4; lastKnownFileType = file.storyboard; path = Star.storyboard; sourceTree = "<group>"; };
		C1CD346928B1F83100763C6E /* Add.storyboard */ = {isa = PBXFileReference; fileEncoding = 4; lastKnownFileType = file.storyboard; path = Add.storyboard; sourceTree = "<group>"; };
		C1CD346B28B1F84C00763C6E /* Map.storyboard */ = {isa = PBXFileReference; fileEncoding = 4; lastKnownFileType = file.storyboard; path = Map.storyboard; sourceTree = "<group>"; };
		C1CD346D28B1F86600763C6E /* Profile.storyboard */ = {isa = PBXFileReference; fileEncoding = 4; lastKnownFileType = file.storyboard; path = Profile.storyboard; sourceTree = "<group>"; };
		C1CD347028B1F93100763C6E /* HomeViewController.swift */ = {isa = PBXFileReference; lastKnownFileType = sourcecode.swift; path = HomeViewController.swift; sourceTree = "<group>"; };
		C1CD347228B1F94200763C6E /* StarViewController.swift */ = {isa = PBXFileReference; lastKnownFileType = sourcecode.swift; path = StarViewController.swift; sourceTree = "<group>"; };
		C1CD347528B1F95500763C6E /* MapViewController.swift */ = {isa = PBXFileReference; lastKnownFileType = sourcecode.swift; path = MapViewController.swift; sourceTree = "<group>"; };
		C1CD347828B1F96E00763C6E /* ProfileViewController.swift */ = {isa = PBXFileReference; lastKnownFileType = sourcecode.swift; path = ProfileViewController.swift; sourceTree = "<group>"; };
		C1CD347A28B1F97F00763C6E /* AddViewController.swift */ = {isa = PBXFileReference; lastKnownFileType = sourcecode.swift; path = AddViewController.swift; sourceTree = "<group>"; };
/* End PBXFileReference section */

/* Begin PBXFrameworksBuildPhase section */
		C17CB45928A9D21A00FE54F3 /* Frameworks */ = {
			isa = PBXFrameworksBuildPhase;
			buildActionMask = 2147483647;
			files = (
				C17B70A828B5AC4F00AB9560 /* SnapKit.xcframework in Frameworks */,
				C17B70A628B5AC4F00AB9560 /* NotificationBanner.xcframework in Frameworks */,
				C17B70A228B5AC4F00AB9560 /* Alamofire.xcframework in Frameworks */,
				C17B70A428B5AC4F00AB9560 /* MarqueeLabel.xcframework in Frameworks */,
			);
			runOnlyForDeploymentPostprocessing = 0;
		};
/* End PBXFrameworksBuildPhase section */

/* Begin PBXGroup section */
		C17B709C28B5A1CA00AB9560 /* SharedData */ = {
			isa = PBXGroup;
			children = (
			);
			path = SharedData;
			sourceTree = "<group>";
		};
		C17B709D28B5AC4E00AB9560 /* Frameworks */ = {
			isa = PBXGroup;
			children = (
				C17B709E28B5AC4F00AB9560 /* Alamofire.xcframework */,
				C17B709F28B5AC4F00AB9560 /* MarqueeLabel.xcframework */,
				C17B70A028B5AC4F00AB9560 /* NotificationBanner.xcframework */,
				C17B70A128B5AC4F00AB9560 /* SnapKit.xcframework */,
			);
			name = Frameworks;
			sourceTree = "<group>";
		};
		C17B70AB28B5B0F100AB9560 /* Models */ = {
			isa = PBXGroup;
			children = (
				C17B70B828B5B2C900AB9560 /* User.swift */,
				C17B70C028B5B4BD00AB9560 /* Location.swift */,
			);
			path = Models;
			sourceTree = "<group>";
		};
		C17B70AC28B5B0F700AB9560 /* Response */ = {
			isa = PBXGroup;
			children = (
				C17B70B228B5B24800AB9560 /* Auth */,
				C17B70BA28B5B36700AB9560 /* ResError.swift */,
				C17B70BE28B5B48C00AB9560 /* ResIndexTweets.swift */,
				C17B70C428B5B6C300AB9560 /* ResDestroyTweet.swift */,
			);
			path = Response;
			sourceTree = "<group>";
		};
		C17B70AD28B5B0FD00AB9560 /* Request */ = {
			isa = PBXGroup;
			children = (
				C17B70B128B5B24100AB9560 /* Auth */,
				C17B70C228B5B5C100AB9560 /* ReqStoreTweet.swift */,
			);
			path = Request;
			sourceTree = "<group>";
		};
		C17B70AE28B5B12800AB9560 /* Endpoints */ = {
			isa = PBXGroup;
			children = (
				C17B70AF28B5B16900AB9560 /* Endpoints.swift */,
			);
			path = Endpoints;
			sourceTree = "<group>";
		};
		C17B70B128B5B24100AB9560 /* Auth */ = {
			isa = PBXGroup;
			children = (
				C17B70B328B5B25A00AB9560 /* ReqLogin.swift */,
				C17B70BC28B5B40600AB9560 /* ReqRegister.swift */,
			);
			path = Auth;
			sourceTree = "<group>";
		};
		C17B70B228B5B24800AB9560 /* Auth */ = {
			isa = PBXGroup;
			children = (
				C17B70B528B5B26700AB9560 /* ResLoginRegister.swift */,
			);
			path = Auth;
			sourceTree = "<group>";
		};
		C17CB45328A9D21A00FE54F3 = {
			isa = PBXGroup;
			children = (
				C17CB45E28A9D21A00FE54F3 /* ProyectoTwitter */,
				C17CB45D28A9D21A00FE54F3 /* Products */,
				C17B709D28B5AC4E00AB9560 /* Frameworks */,
			);
			sourceTree = "<group>";
		};
		C17CB45D28A9D21A00FE54F3 /* Products */ = {
			isa = PBXGroup;
			children = (
				C17CB45C28A9D21A00FE54F3 /* ProyectoTwitter.app */,
			);
			name = Products;
			sourceTree = "<group>";
		};
		C17CB45E28A9D21A00FE54F3 /* ProyectoTwitter */ = {
			isa = PBXGroup;
			children = (
				C17CB47328A9D30C00FE54F3 /* App */,
				C17CB45F28A9D21A00FE54F3 /* AppDelegate.swift */,
				C17CB46128A9D21A00FE54F3 /* SceneDelegate.swift */,
				C17CB46A28A9D22000FE54F3 /* LaunchScreen.storyboard */,
				C17CB46D28A9D22000FE54F3 /* Info.plist */,
			);
			path = ProyectoTwitter;
			sourceTree = "<group>";
		};
		C17CB47328A9D30C00FE54F3 /* App */ = {
			isa = PBXGroup;
			children = (
				C17CB47428A9D31800FE54F3 /* ViewsAndControllers */,
				C17CB47928A9D35800FE54F3 /* Config */,
				C17CB47828A9D34800FE54F3 /* Services */,
				C17CB47728A9D33F00FE54F3 /* Commands */,
				C17CB47628A9D33700FE54F3 /* Resources */,
				C17CB47528A9D32F00FE54F3 /* Models */,
			);
			path = App;
			sourceTree = "<group>";
		};
		C17CB47428A9D31800FE54F3 /* ViewsAndControllers */ = {
			isa = PBXGroup;
			children = (
				C17CB47E28A9D3AB00FE54F3 /* Main */,
				C17CB47A28A9D38A00FE54F3 /* Auth */,
			);
			path = ViewsAndControllers;
			sourceTree = "<group>";
		};
		C17CB47528A9D32F00FE54F3 /* Models */ = {
			isa = PBXGroup;
			children = (
				C17B70AE28B5B12800AB9560 /* Endpoints */,
				C17B70AD28B5B0FD00AB9560 /* Request */,
				C17B70AC28B5B0F700AB9560 /* Response */,
				C17B70AB28B5B0F100AB9560 /* Models */,
			);
			path = Models;
			sourceTree = "<group>";
		};
		C17CB47628A9D33700FE54F3 /* Resources */ = {
			isa = PBXGroup;
			children = (
				C17CB48328A9D45A00FE54F3 /* Assets */,
				C17CB48228A9D45500FE54F3 /* Colors */,
			);
			path = Resources;
			sourceTree = "<group>";
		};
		C17CB47728A9D33F00FE54F3 /* Commands */ = {
			isa = PBXGroup;
			children = (
				C17B709C28B5A1CA00AB9560 /* SharedData */,
			);
			path = Commands;
			sourceTree = "<group>";
		};
		C17CB47828A9D34800FE54F3 /* Services */ = {
			isa = PBXGroup;
			children = (
			);
			path = Services;
			sourceTree = "<group>";
		};
		C17CB47928A9D35800FE54F3 /* Config */ = {
			isa = PBXGroup;
			children = (
				C17CB48028A9D3CF00FE54F3 /* MyCustomView.swift */,
			);
			path = Config;
			sourceTree = "<group>";
		};
		C17CB47A28A9D38A00FE54F3 /* Auth */ = {
			isa = PBXGroup;
			children = (
				C17CB47D28A9D3A000FE54F3 /* SingIn */,
				C17CB47C28A9D39C00FE54F3 /* SingUp */,
				C17CB47B28A9D39000FE54F3 /* OnBoarding */,
			);
			path = Auth;
			sourceTree = "<group>";
		};
		C17CB47B28A9D39000FE54F3 /* OnBoarding */ = {
			isa = PBXGroup;
			children = (
				C17CB46528A9D21A00FE54F3 /* OnBoarding.storyboard */,
				C17CB46328A9D21A00FE54F3 /* OnBoardingViewController.swift */,
			);
			path = OnBoarding;
			sourceTree = "<group>";
		};
		C17CB47C28A9D39C00FE54F3 /* SingUp */ = {
			isa = PBXGroup;
			children = (
				C17CB48928A9D52D00FE54F3 /* SingUpViewController.swift */,
				C17CB48E28A9D5AE00FE54F3 /* SingUp.storyboard */,
			);
			path = SingUp;
			sourceTree = "<group>";
		};
		C17CB47D28A9D3A000FE54F3 /* SingIn */ = {
			isa = PBXGroup;
			children = (
				C17CB48728A9D52100FE54F3 /* SingInViewController.swift */,
				C17CB48C28A9D5A200FE54F3 /* SingIn.storyboard */,
			);
			path = SingIn;
			sourceTree = "<group>";
		};
		C17CB47E28A9D3AB00FE54F3 /* Main */ = {
			isa = PBXGroup;
			children = (
				C1CD346F28B1F8F100763C6E /* Add */,
				C1CD346428B1F7A500763C6E /* Profile */,
				C1CD346328B1F79F00763C6E /* Map */,
				C1CD346228B1F79700763C6E /* Star */,
				C1CD346128B1F78F00763C6E /* Home */,
				C17CB47F28A9D3B700FE54F3 /* Main */,
			);
			path = Main;
			sourceTree = "<group>";
		};
		C17CB47F28A9D3B700FE54F3 /* Main */ = {
			isa = PBXGroup;
			children = (
				C17CB49128A9D6E500FE54F3 /* Main.storyboard */,
				C1CD345F28B1C31600763C6E /* MainTabBarViewController.swift */,
			);
			path = Main;
			sourceTree = "<group>";
		};
		C17CB48228A9D45500FE54F3 /* Colors */ = {
			isa = PBXGroup;
			children = (
				C17CB48528A9D47800FE54F3 /* Media.xcassets */,
			);
			path = Colors;
			sourceTree = "<group>";
		};
		C17CB48328A9D45A00FE54F3 /* Assets */ = {
			isa = PBXGroup;
			children = (
				C17CB46828A9D22000FE54F3 /* Assets.xcassets */,
			);
			path = Assets;
			sourceTree = "<group>";
		};
		C1CD346128B1F78F00763C6E /* Home */ = {
			isa = PBXGroup;
			children = (
				C1CD346528B1F7F000763C6E /* Home.storyboard */,
				C1CD347028B1F93100763C6E /* HomeViewController.swift */,
			);
			path = Home;
			sourceTree = "<group>";
		};
		C1CD346228B1F79700763C6E /* Star */ = {
			isa = PBXGroup;
			children = (
				C1CD346728B1F80800763C6E /* Star.storyboard */,
				C1CD347228B1F94200763C6E /* StarViewController.swift */,
			);
			path = Star;
			sourceTree = "<group>";
		};
		C1CD346328B1F79F00763C6E /* Map */ = {
			isa = PBXGroup;
			children = (
				C1CD346B28B1F84C00763C6E /* Map.storyboard */,
				C1CD347528B1F95500763C6E /* MapViewController.swift */,
			);
			path = Map;
			sourceTree = "<group>";
		};
		C1CD346428B1F7A500763C6E /* Profile */ = {
			isa = PBXGroup;
			children = (
				C1CD346D28B1F86600763C6E /* Profile.storyboard */,
				C1CD347828B1F96E00763C6E /* ProfileViewController.swift */,
			);
			path = Profile;
			sourceTree = "<group>";
		};
		C1CD346F28B1F8F100763C6E /* Add */ = {
			isa = PBXGroup;
			children = (
				C1CD346928B1F83100763C6E /* Add.storyboard */,
				C1CD347A28B1F97F00763C6E /* AddViewController.swift */,
			);
			path = Add;
			sourceTree = "<group>";
		};
/* End PBXGroup section */

/* Begin PBXNativeTarget section */
		C17CB45B28A9D21A00FE54F3 /* ProyectoTwitter */ = {
			isa = PBXNativeTarget;
			buildConfigurationList = C17CB47028A9D22000FE54F3 /* Build configuration list for PBXNativeTarget "ProyectoTwitter" */;
			buildPhases = (
				C17CB45828A9D21A00FE54F3 /* Sources */,
				C17CB45928A9D21A00FE54F3 /* Frameworks */,
				C17CB45A28A9D21A00FE54F3 /* Resources */,
				C17B70AA28B5AC4F00AB9560 /* Embed Frameworks */,
			);
			buildRules = (
			);
			dependencies = (
			);
			name = ProyectoTwitter;
			productName = ProyectoTwitter;
			productReference = C17CB45C28A9D21A00FE54F3 /* ProyectoTwitter.app */;
			productType = "com.apple.product-type.application";
		};
/* End PBXNativeTarget section */

/* Begin PBXProject section */
		C17CB45428A9D21A00FE54F3 /* Project object */ = {
			isa = PBXProject;
			attributes = {
				BuildIndependentTargetsInParallel = 1;
				LastSwiftUpdateCheck = 1340;
				LastUpgradeCheck = 1340;
				TargetAttributes = {
					C17CB45B28A9D21A00FE54F3 = {
						CreatedOnToolsVersion = 13.4.1;
					};
				};
			};
			buildConfigurationList = C17CB45728A9D21A00FE54F3 /* Build configuration list for PBXProject "ProyectoTwitter" */;
			compatibilityVersion = "Xcode 13.0";
			developmentRegion = en;
			hasScannedForEncodings = 0;
			knownRegions = (
				en,
				Base,
			);
			mainGroup = C17CB45328A9D21A00FE54F3;
			productRefGroup = C17CB45D28A9D21A00FE54F3 /* Products */;
			projectDirPath = "";
			projectRoot = "";
			targets = (
				C17CB45B28A9D21A00FE54F3 /* ProyectoTwitter */,
			);
		};
/* End PBXProject section */

/* Begin PBXResourcesBuildPhase section */
		C17CB45A28A9D21A00FE54F3 /* Resources */ = {
			isa = PBXResourcesBuildPhase;
			buildActionMask = 2147483647;
			files = (
				C17CB49228A9D6E500FE54F3 /* Main.storyboard in Resources */,
				C1CD346828B1F80800763C6E /* Star.storyboard in Resources */,
				C1CD346A28B1F83100763C6E /* Add.storyboard in Resources */,
				C17CB48F28A9D5AF00FE54F3 /* SingUp.storyboard in Resources */,
				C17CB46C28A9D22000FE54F3 /* LaunchScreen.storyboard in Resources */,
				C17CB46928A9D22000FE54F3 /* Assets.xcassets in Resources */,
				C1CD346E28B1F86600763C6E /* Profile.storyboard in Resources */,
				C17CB48628A9D47800FE54F3 /* Media.xcassets in Resources */,
				C1CD346C28B1F84C00763C6E /* Map.storyboard in Resources */,
				C17CB46728A9D21A00FE54F3 /* OnBoarding.storyboard in Resources */,
				C17CB48D28A9D5A200FE54F3 /* SingIn.storyboard in Resources */,
				C1CD346628B1F7F000763C6E /* Home.storyboard in Resources */,
			);
			runOnlyForDeploymentPostprocessing = 0;
		};
/* End PBXResourcesBuildPhase section */

/* Begin PBXSourcesBuildPhase section */
		C17CB45828A9D21A00FE54F3 /* Sources */ = {
			isa = PBXSourcesBuildPhase;
			buildActionMask = 2147483647;
			files = (
				C1CD346028B1C31600763C6E /* MainTabBarViewController.swift in Sources */,
				C17CB48A28A9D52D00FE54F3 /* SingUpViewController.swift in Sources */,
				C17B70B428B5B25A00AB9560 /* ReqLogin.swift in Sources */,
				C17B70B028B5B16900AB9560 /* Endpoints.swift in Sources */,
				C17B70B928B5B2C900AB9560 /* User.swift in Sources */,
				C1CD347B28B1F97F00763C6E /* AddViewController.swift in Sources */,
				C17B70BB28B5B36700AB9560 /* ResError.swift in Sources */,
				C17B70BD28B5B40600AB9560 /* ReqRegister.swift in Sources */,
				C17B70B628B5B26700AB9560 /* ResLoginRegister.swift in Sources */,
				C17CB46428A9D21A00FE54F3 /* OnBoardingViewController.swift in Sources */,
				C17B70BF28B5B48C00AB9560 /* ResIndexTweets.swift in Sources */,
				C1CD347628B1F95500763C6E /* MapViewController.swift in Sources */,
				C17B70C328B5B5C100AB9560 /* ReqStoreTweet.swift in Sources */,
				C1CD347128B1F93100763C6E /* HomeViewController.swift in Sources */,
				C17CB48828A9D52100FE54F3 /* SingInViewController.swift in Sources */,
				C17B70C128B5B4BD00AB9560 /* Location.swift in Sources */,
				C1CD347928B1F96E00763C6E /* ProfileViewController.swift in Sources */,
				C17CB48128A9D3CF00FE54F3 /* MyCustomView.swift in Sources */,
				C17CB46028A9D21A00FE54F3 /* AppDelegate.swift in Sources */,
				C1CD347328B1F94200763C6E /* StarViewController.swift in Sources */,
				C17CB46228A9D21A00FE54F3 /* SceneDelegate.swift in Sources */,
				C17B70C528B5B6C300AB9560 /* ResDestroyTweet.swift in Sources */,
			);
			runOnlyForDeploymentPostprocessing = 0;
		};
/* End PBXSourcesBuildPhase section */

/* Begin PBXVariantGroup section */
		C17CB46528A9D21A00FE54F3 /* OnBoarding.storyboard */ = {
			isa = PBXVariantGroup;
			children = (
				C17CB46628A9D21A00FE54F3 /* Base */,
			);
			name = OnBoarding.storyboard;
			sourceTree = "<group>";
		};
		C17CB46A28A9D22000FE54F3 /* LaunchScreen.storyboard */ = {
			isa = PBXVariantGroup;
			children = (
				C17CB46B28A9D22000FE54F3 /* Base */,
			);
			name = LaunchScreen.storyboard;
			sourceTree = "<group>";
		};
/* End PBXVariantGroup section */

/* Begin XCBuildConfiguration section */
		C17CB46E28A9D22000FE54F3 /* Debug */ = {
			isa = XCBuildConfiguration;
			buildSettings = {
				ALWAYS_SEARCH_USER_PATHS = NO;
				CLANG_ANALYZER_NONNULL = YES;
				CLANG_ANALYZER_NUMBER_OBJECT_CONVERSION = YES_AGGRESSIVE;
				CLANG_CXX_LANGUAGE_STANDARD = "gnu++17";
				CLANG_ENABLE_MODULES = YES;
				CLANG_ENABLE_OBJC_ARC = YES;
				CLANG_ENABLE_OBJC_WEAK = YES;
				CLANG_WARN_BLOCK_CAPTURE_AUTORELEASING = YES;
				CLANG_WARN_BOOL_CONVERSION = YES;
				CLANG_WARN_COMMA = YES;
				CLANG_WARN_CONSTANT_CONVERSION = YES;
				CLANG_WARN_DEPRECATED_OBJC_IMPLEMENTATIONS = YES;
				CLANG_WARN_DIRECT_OBJC_ISA_USAGE = YES_ERROR;
				CLANG_WARN_DOCUMENTATION_COMMENTS = YES;
				CLANG_WARN_EMPTY_BODY = YES;
				CLANG_WARN_ENUM_CONVERSION = YES;
				CLANG_WARN_INFINITE_RECURSION = YES;
				CLANG_WARN_INT_CONVERSION = YES;
				CLANG_WARN_NON_LITERAL_NULL_CONVERSION = YES;
				CLANG_WARN_OBJC_IMPLICIT_RETAIN_SELF = YES;
				CLANG_WARN_OBJC_LITERAL_CONVERSION = YES;
				CLANG_WARN_OBJC_ROOT_CLASS = YES_ERROR;
				CLANG_WARN_QUOTED_INCLUDE_IN_FRAMEWORK_HEADER = YES;
				CLANG_WARN_RANGE_LOOP_ANALYSIS = YES;
				CLANG_WARN_STRICT_PROTOTYPES = YES;
				CLANG_WARN_SUSPICIOUS_MOVE = YES;
				CLANG_WARN_UNGUARDED_AVAILABILITY = YES_AGGRESSIVE;
				CLANG_WARN_UNREACHABLE_CODE = YES;
				CLANG_WARN__DUPLICATE_METHOD_MATCH = YES;
				COPY_PHASE_STRIP = NO;
				DEBUG_INFORMATION_FORMAT = dwarf;
				ENABLE_STRICT_OBJC_MSGSEND = YES;
				ENABLE_TESTABILITY = YES;
				GCC_C_LANGUAGE_STANDARD = gnu11;
				GCC_DYNAMIC_NO_PIC = NO;
				GCC_NO_COMMON_BLOCKS = YES;
				GCC_OPTIMIZATION_LEVEL = 0;
				GCC_PREPROCESSOR_DEFINITIONS = (
					"DEBUG=1",
					"$(inherited)",
				);
				GCC_WARN_64_TO_32_BIT_CONVERSION = YES;
				GCC_WARN_ABOUT_RETURN_TYPE = YES_ERROR;
				GCC_WARN_UNDECLARED_SELECTOR = YES;
				GCC_WARN_UNINITIALIZED_AUTOS = YES_AGGRESSIVE;
				GCC_WARN_UNUSED_FUNCTION = YES;
				GCC_WARN_UNUSED_VARIABLE = YES;
				IPHONEOS_DEPLOYMENT_TARGET = 15.5;
				MTL_ENABLE_DEBUG_INFO = INCLUDE_SOURCE;
				MTL_FAST_MATH = YES;
				ONLY_ACTIVE_ARCH = YES;
				SDKROOT = iphoneos;
				SWIFT_ACTIVE_COMPILATION_CONDITIONS = DEBUG;
				SWIFT_OPTIMIZATION_LEVEL = "-Onone";
			};
			name = Debug;
		};
		C17CB46F28A9D22000FE54F3 /* Release */ = {
			isa = XCBuildConfiguration;
			buildSettings = {
				ALWAYS_SEARCH_USER_PATHS = NO;
				CLANG_ANALYZER_NONNULL = YES;
				CLANG_ANALYZER_NUMBER_OBJECT_CONVERSION = YES_AGGRESSIVE;
				CLANG_CXX_LANGUAGE_STANDARD = "gnu++17";
				CLANG_ENABLE_MODULES = YES;
				CLANG_ENABLE_OBJC_ARC = YES;
				CLANG_ENABLE_OBJC_WEAK = YES;
				CLANG_WARN_BLOCK_CAPTURE_AUTORELEASING = YES;
				CLANG_WARN_BOOL_CONVERSION = YES;
				CLANG_WARN_COMMA = YES;
				CLANG_WARN_CONSTANT_CONVERSION = YES;
				CLANG_WARN_DEPRECATED_OBJC_IMPLEMENTATIONS = YES;
				CLANG_WARN_DIRECT_OBJC_ISA_USAGE = YES_ERROR;
				CLANG_WARN_DOCUMENTATION_COMMENTS = YES;
				CLANG_WARN_EMPTY_BODY = YES;
				CLANG_WARN_ENUM_CONVERSION = YES;
				CLANG_WARN_INFINITE_RECURSION = YES;
				CLANG_WARN_INT_CONVERSION = YES;
				CLANG_WARN_NON_LITERAL_NULL_CONVERSION = YES;
				CLANG_WARN_OBJC_IMPLICIT_RETAIN_SELF = YES;
				CLANG_WARN_OBJC_LITERAL_CONVERSION = YES;
				CLANG_WARN_OBJC_ROOT_CLASS = YES_ERROR;
				CLANG_WARN_QUOTED_INCLUDE_IN_FRAMEWORK_HEADER = YES;
				CLANG_WARN_RANGE_LOOP_ANALYSIS = YES;
				CLANG_WARN_STRICT_PROTOTYPES = YES;
				CLANG_WARN_SUSPICIOUS_MOVE = YES;
				CLANG_WARN_UNGUARDED_AVAILABILITY = YES_AGGRESSIVE;
				CLANG_WARN_UNREACHABLE_CODE = YES;
				CLANG_WARN__DUPLICATE_METHOD_MATCH = YES;
				COPY_PHASE_STRIP = NO;
				DEBUG_INFORMATION_FORMAT = "dwarf-with-dsym";
				ENABLE_NS_ASSERTIONS = NO;
				ENABLE_STRICT_OBJC_MSGSEND = YES;
				GCC_C_LANGUAGE_STANDARD = gnu11;
				GCC_NO_COMMON_BLOCKS = YES;
				GCC_WARN_64_TO_32_BIT_CONVERSION = YES;
				GCC_WARN_ABOUT_RETURN_TYPE = YES_ERROR;
				GCC_WARN_UNDECLARED_SELECTOR = YES;
				GCC_WARN_UNINITIALIZED_AUTOS = YES_AGGRESSIVE;
				GCC_WARN_UNUSED_FUNCTION = YES;
				GCC_WARN_UNUSED_VARIABLE = YES;
				IPHONEOS_DEPLOYMENT_TARGET = 15.5;
				MTL_ENABLE_DEBUG_INFO = NO;
				MTL_FAST_MATH = YES;
				SDKROOT = iphoneos;
				SWIFT_COMPILATION_MODE = wholemodule;
				SWIFT_OPTIMIZATION_LEVEL = "-O";
				VALIDATE_PRODUCT = YES;
			};
			name = Release;
		};
		C17CB47128A9D22000FE54F3 /* Debug */ = {
			isa = XCBuildConfiguration;
			buildSettings = {
				ASSETCATALOG_COMPILER_APPICON_NAME = AppIcon;
				ASSETCATALOG_COMPILER_GLOBAL_ACCENT_COLOR_NAME = AccentColor;
				CODE_SIGN_STYLE = Automatic;
				CURRENT_PROJECT_VERSION = 1;
				DEVELOPMENT_TEAM = 269NMMFH34;
				GENERATE_INFOPLIST_FILE = YES;
				INFOPLIST_FILE = ProyectoTwitter/Info.plist;
				INFOPLIST_KEY_UIApplicationSupportsIndirectInputEvents = YES;
				INFOPLIST_KEY_UILaunchStoryboardName = LaunchScreen;
				INFOPLIST_KEY_UIMainStoryboardFile = OnBoarding;
				INFOPLIST_KEY_UISupportedInterfaceOrientations = UIInterfaceOrientationPortrait;
				INFOPLIST_KEY_UISupportedInterfaceOrientations_iPad = "UIInterfaceOrientationPortrait UIInterfaceOrientationPortraitUpsideDown";
				INFOPLIST_KEY_UISupportedInterfaceOrientations_iPhone = "UIInterfaceOrientationPortrait UIInterfaceOrientationPortraitUpsideDown";
				IPHONEOS_DEPLOYMENT_TARGET = 14.0;
				LD_RUNPATH_SEARCH_PATHS = (
					"$(inherited)",
					"@executable_path/Frameworks",
				);
				MARKETING_VERSION = 1.0;
				PRODUCT_BUNDLE_IDENTIFIER = Solidusystems.ProyectoTwitter;
				PRODUCT_NAME = "$(TARGET_NAME)";
				SWIFT_EMIT_LOC_STRINGS = YES;
				SWIFT_VERSION = 5.0;
				TARGETED_DEVICE_FAMILY = 1;
			};
			name = Debug;
		};
		C17CB47228A9D22000FE54F3 /* Release */ = {
			isa = XCBuildConfiguration;
			buildSettings = {
				ASSETCATALOG_COMPILER_APPICON_NAME = AppIcon;
				ASSETCATALOG_COMPILER_GLOBAL_ACCENT_COLOR_NAME = AccentColor;
				CODE_SIGN_STYLE = Automatic;
				CURRENT_PROJECT_VERSION = 1;
				DEVELOPMENT_TEAM = 269NMMFH34;
				GENERATE_INFOPLIST_FILE = YES;
				INFOPLIST_FILE = ProyectoTwitter/Info.plist;
				INFOPLIST_KEY_UIApplicationSupportsIndirectInputEvents = YES;
				INFOPLIST_KEY_UILaunchStoryboardName = LaunchScreen;
				INFOPLIST_KEY_UIMainStoryboardFile = OnBoarding;
				INFOPLIST_KEY_UISupportedInterfaceOrientations = UIInterfaceOrientationPortrait;
				INFOPLIST_KEY_UISupportedInterfaceOrientations_iPad = "UIInterfaceOrientationPortrait UIInterfaceOrientationPortraitUpsideDown";
				INFOPLIST_KEY_UISupportedInterfaceOrientations_iPhone = "UIInterfaceOrientationPortrait UIInterfaceOrientationPortraitUpsideDown";
				IPHONEOS_DEPLOYMENT_TARGET = 14.0;
				LD_RUNPATH_SEARCH_PATHS = (
					"$(inherited)",
					"@executable_path/Frameworks",
				);
				MARKETING_VERSION = 1.0;
				PRODUCT_BUNDLE_IDENTIFIER = Solidusystems.ProyectoTwitter;
				PRODUCT_NAME = "$(TARGET_NAME)";
				SWIFT_EMIT_LOC_STRINGS = YES;
				SWIFT_VERSION = 5.0;
				TARGETED_DEVICE_FAMILY = 1;
			};
			name = Release;
		};
/* End XCBuildConfiguration section */

/* Begin XCConfigurationList section */
		C17CB45728A9D21A00FE54F3 /* Build configuration list for PBXProject "ProyectoTwitter" */ = {
			isa = XCConfigurationList;
			buildConfigurations = (
				C17CB46E28A9D22000FE54F3 /* Debug */,
				C17CB46F28A9D22000FE54F3 /* Release */,
			);
			defaultConfigurationIsVisible = 0;
			defaultConfigurationName = Release;
		};
		C17CB47028A9D22000FE54F3 /* Build configuration list for PBXNativeTarget "ProyectoTwitter" */ = {
			isa = XCConfigurationList;
			buildConfigurations = (
				C17CB47128A9D22000FE54F3 /* Debug */,
				C17CB47228A9D22000FE54F3 /* Release */,
			);
			defaultConfigurationIsVisible = 0;
			defaultConfigurationName = Release;
		};
/* End XCConfigurationList section */
	};
	rootObject = C17CB45428A9D21A00FE54F3 /* Project object */;
}
