// !$*UTF8*$!
{
	archiveVersion = 1;
	classes = {
	};
	objectVersion = 55;
	objects = {

/* Begin PBXBuildFile section */
		C122C84828BED2CA00C3F03B /* KeychainSwift.xcframework in Frameworks */ = {isa = PBXBuildFile; fileRef = C122C84728BED2CA00C3F03B /* KeychainSwift.xcframework */; };
		C122C84928BED2CA00C3F03B /* KeychainSwift.xcframework in Embed Frameworks */ = {isa = PBXBuildFile; fileRef = C122C84728BED2CA00C3F03B /* KeychainSwift.xcframework */; settings = {ATTRIBUTES = (CodeSignOnCopy, RemoveHeadersOnCopy, ); }; };
		C16229D528BC722F0028C03A /* PinCodeViewController.swift in Sources */ = {isa = PBXBuildFile; fileRef = C16229D428BC722F0028C03A /* PinCodeViewController.swift */; };
		C16229D928BC87B00028C03A /* PinCode.storyboard in Resources */ = {isa = PBXBuildFile; fileRef = C16229D828BC87B00028C03A /* PinCode.storyboard */; };
		C16229DC28BC92090028C03A /* SplashViewController.swift in Sources */ = {isa = PBXBuildFile; fileRef = C16229DB28BC92090028C03A /* SplashViewController.swift */; };
		C16229DE28BC98590028C03A /* Splash.storyboard in Resources */ = {isa = PBXBuildFile; fileRef = C16229DD28BC98590028C03A /* Splash.storyboard */; };
		C16715D128C417A5003D6402 /* SplashBaby.storyboard in Resources */ = {isa = PBXBuildFile; fileRef = C16715D028C417A5003D6402 /* SplashBaby.storyboard */; };
		C16715D428C417BE003D6402 /* MainBaby.storyboard in Resources */ = {isa = PBXBuildFile; fileRef = C16715D328C417BD003D6402 /* MainBaby.storyboard */; };
		C16715D628C417CC003D6402 /* Login.storyboard in Resources */ = {isa = PBXBuildFile; fileRef = C16715D528C417CC003D6402 /* Login.storyboard */; };
		C16715D828C417D8003D6402 /* ScanQR.storyboard in Resources */ = {isa = PBXBuildFile; fileRef = C16715D728C417D8003D6402 /* ScanQR.storyboard */; };
		C16715DA28C417E4003D6402 /* OwnerRegister.storyboard in Resources */ = {isa = PBXBuildFile; fileRef = C16715D928C417E4003D6402 /* OwnerRegister.storyboard */; };
		C16715DC28C417EF003D6402 /* ProfileBaby.storyboard in Resources */ = {isa = PBXBuildFile; fileRef = C16715DB28C417EF003D6402 /* ProfileBaby.storyboard */; };
		C16715DE28C417FD003D6402 /* Logbook.storyboard in Resources */ = {isa = PBXBuildFile; fileRef = C16715DD28C417FD003D6402 /* Logbook.storyboard */; };
		C16715E028C4180B003D6402 /* Results.storyboard in Resources */ = {isa = PBXBuildFile; fileRef = C16715DF28C4180B003D6402 /* Results.storyboard */; };
		C16715E228C4181A003D6402 /* Certificado.storyboard in Resources */ = {isa = PBXBuildFile; fileRef = C16715E128C4181A003D6402 /* Certificado.storyboard */; };
		C16715E428C41828003D6402 /* CertificadoViewController.swift in Sources */ = {isa = PBXBuildFile; fileRef = C16715E328C41828003D6402 /* CertificadoViewController.swift */; };
		C16715E628C41835003D6402 /* HelpViewController.swift in Sources */ = {isa = PBXBuildFile; fileRef = C16715E528C41835003D6402 /* HelpViewController.swift */; };
		C16715E828C4183C003D6402 /* Help.storyboard in Resources */ = {isa = PBXBuildFile; fileRef = C16715E728C4183C003D6402 /* Help.storyboard */; };
		C16715EA28C4184E003D6402 /* StudentList.storyboard in Resources */ = {isa = PBXBuildFile; fileRef = C16715E928C4184E003D6402 /* StudentList.storyboard */; };
		C16715EC28C41857003D6402 /* StudentListViewController.swift in Sources */ = {isa = PBXBuildFile; fileRef = C16715EB28C41857003D6402 /* StudentListViewController.swift */; };
		C16715EE28C41865003D6402 /* StudentRegister.storyboard in Resources */ = {isa = PBXBuildFile; fileRef = C16715ED28C41865003D6402 /* StudentRegister.storyboard */; };
		C16715F028C4186C003D6402 /* StudentRegisterViewController.swift in Sources */ = {isa = PBXBuildFile; fileRef = C16715EF28C4186C003D6402 /* StudentRegisterViewController.swift */; };
		C16715F228C4187A003D6402 /* StudentDetailsViewController.swift in Sources */ = {isa = PBXBuildFile; fileRef = C16715F128C4187A003D6402 /* StudentDetailsViewController.swift */; };
		C16715F428C41881003D6402 /* StudentDetails.storyboard in Resources */ = {isa = PBXBuildFile; fileRef = C16715F328C41881003D6402 /* StudentDetails.storyboard */; };
		C16715F628C4188B003D6402 /* Simulator.storyboard in Resources */ = {isa = PBXBuildFile; fileRef = C16715F528C4188B003D6402 /* Simulator.storyboard */; };
		C16715F828C41897003D6402 /* SimulatorViewController.swift in Sources */ = {isa = PBXBuildFile; fileRef = C16715F728C41897003D6402 /* SimulatorViewController.swift */; };
		C16715FA28C418A3003D6402 /* SettingsViewController.swift in Sources */ = {isa = PBXBuildFile; fileRef = C16715F928C418A3003D6402 /* SettingsViewController.swift */; };
		C16715FC28C418AD003D6402 /* Settings.storyboard in Resources */ = {isa = PBXBuildFile; fileRef = C16715FB28C418AD003D6402 /* Settings.storyboard */; };
		C16715FE28C418B7003D6402 /* Calibration.storyboard in Resources */ = {isa = PBXBuildFile; fileRef = C16715FD28C418B7003D6402 /* Calibration.storyboard */; };
		C167160028C418C0003D6402 /* CalibrationViewController.swift in Sources */ = {isa = PBXBuildFile; fileRef = C16715FF28C418C0003D6402 /* CalibrationViewController.swift */; };
		C167160228C41908003D6402 /* SupportViewController.swift in Sources */ = {isa = PBXBuildFile; fileRef = C167160128C41908003D6402 /* SupportViewController.swift */; };
		C167160428C4190F003D6402 /* Support.storyboard in Resources */ = {isa = PBXBuildFile; fileRef = C167160328C4190F003D6402 /* Support.storyboard */; };
		C167160628C4191B003D6402 /* InstructorListViewController.swift in Sources */ = {isa = PBXBuildFile; fileRef = C167160528C4191B003D6402 /* InstructorListViewController.swift */; };
		C167160828C41922003D6402 /* InstructorList.storyboard in Resources */ = {isa = PBXBuildFile; fileRef = C167160728C41922003D6402 /* InstructorList.storyboard */; };
		C167160A28C4192C003D6402 /* InstructorRegisterViewController.swift in Sources */ = {isa = PBXBuildFile; fileRef = C167160928C4192C003D6402 /* InstructorRegisterViewController.swift */; };
		C167160C28C41935003D6402 /* InstructorRegister.storyboard in Resources */ = {isa = PBXBuildFile; fileRef = C167160B28C41935003D6402 /* InstructorRegister.storyboard */; };
		C167160E28C41941003D6402 /* MonitorViewController.swift in Sources */ = {isa = PBXBuildFile; fileRef = C167160D28C41941003D6402 /* MonitorViewController.swift */; };
		C167161028C41947003D6402 /* Monitor.storyboard in Resources */ = {isa = PBXBuildFile; fileRef = C167160F28C41947003D6402 /* Monitor.storyboard */; };
		C167161228C41956003D6402 /* ResultsViewController.swift in Sources */ = {isa = PBXBuildFile; fileRef = C167161128C41956003D6402 /* ResultsViewController.swift */; };
		C167161428C41960003D6402 /* LogbookViewController.swift in Sources */ = {isa = PBXBuildFile; fileRef = C167161328C41960003D6402 /* LogbookViewController.swift */; };
		C167161628C41973003D6402 /* ProfileBabyViewController.swift in Sources */ = {isa = PBXBuildFile; fileRef = C167161528C41973003D6402 /* ProfileBabyViewController.swift */; };
		C167161828C4197E003D6402 /* OwnerRegisterViewController.swift in Sources */ = {isa = PBXBuildFile; fileRef = C167161728C4197E003D6402 /* OwnerRegisterViewController.swift */; };
		C167161A28C4198D003D6402 /* ScanQRViewController.swift in Sources */ = {isa = PBXBuildFile; fileRef = C167161928C4198D003D6402 /* ScanQRViewController.swift */; };
		C167161C28C41997003D6402 /* MainBabyViewController.swift in Sources */ = {isa = PBXBuildFile; fileRef = C167161B28C41997003D6402 /* MainBabyViewController.swift */; };
		C167161E28C419A4003D6402 /* LoginViewController.swift in Sources */ = {isa = PBXBuildFile; fileRef = C167161D28C419A4003D6402 /* LoginViewController.swift */; };
		C167162028C419B3003D6402 /* SplashBabyViewController.swift in Sources */ = {isa = PBXBuildFile; fileRef = C167161F28C419B3003D6402 /* SplashBabyViewController.swift */; };
		C17B70A228B5AC4F00AB9560 /* Alamofire.xcframework in Frameworks */ = {isa = PBXBuildFile; fileRef = C17B709E28B5AC4F00AB9560 /* Alamofire.xcframework */; };
		C17B70A328B5AC4F00AB9560 /* Alamofire.xcframework in Embed Frameworks */ = {isa = PBXBuildFile; fileRef = C17B709E28B5AC4F00AB9560 /* Alamofire.xcframework */; settings = {ATTRIBUTES = (CodeSignOnCopy, RemoveHeadersOnCopy, ); }; };
		C17B70A428B5AC4F00AB9560 /* MarqueeLabel.xcframework in Frameworks */ = {isa = PBXBuildFile; fileRef = C17B709F28B5AC4F00AB9560 /* MarqueeLabel.xcframework */; };
		C17B70A528B5AC4F00AB9560 /* MarqueeLabel.xcframework in Embed Frameworks */ = {isa = PBXBuildFile; fileRef = C17B709F28B5AC4F00AB9560 /* MarqueeLabel.xcframework */; settings = {ATTRIBUTES = (CodeSignOnCopy, RemoveHeadersOnCopy, ); }; };
		C17B70A628B5AC4F00AB9560 /* NotificationBanner.xcframework in Frameworks */ = {isa = PBXBuildFile; fileRef = C17B70A028B5AC4F00AB9560 /* NotificationBanner.xcframework */; };
		C17B70A728B5AC4F00AB9560 /* NotificationBanner.xcframework in Embed Frameworks */ = {isa = PBXBuildFile; fileRef = C17B70A028B5AC4F00AB9560 /* NotificationBanner.xcframework */; settings = {ATTRIBUTES = (CodeSignOnCopy, RemoveHeadersOnCopy, ); }; };
		C17B70A828B5AC4F00AB9560 /* SnapKit.xcframework in Frameworks */ = {isa = PBXBuildFile; fileRef = C17B70A128B5AC4F00AB9560 /* SnapKit.xcframework */; };
		C17B70A928B5AC4F00AB9560 /* SnapKit.xcframework in Embed Frameworks */ = {isa = PBXBuildFile; fileRef = C17B70A128B5AC4F00AB9560 /* SnapKit.xcframework */; settings = {ATTRIBUTES = (CodeSignOnCopy, RemoveHeadersOnCopy, ); }; };
		C17B70B028B5B16900AB9560 /* Endpoints.swift in Sources */ = {isa = PBXBuildFile; fileRef = C17B70AF28B5B16900AB9560 /* Endpoints.swift */; };
		C17B70B428B5B25A00AB9560 /* ReqLogin.swift in Sources */ = {isa = PBXBuildFile; fileRef = C17B70B328B5B25A00AB9560 /* ReqLogin.swift */; };
		C17B70B628B5B26700AB9560 /* ResLoginRegister.swift in Sources */ = {isa = PBXBuildFile; fileRef = C17B70B528B5B26700AB9560 /* ResLoginRegister.swift */; };
		C17B70B928B5B2C900AB9560 /* User.swift in Sources */ = {isa = PBXBuildFile; fileRef = C17B70B828B5B2C900AB9560 /* User.swift */; };
		C17B70BB28B5B36700AB9560 /* ResError.swift in Sources */ = {isa = PBXBuildFile; fileRef = C17B70BA28B5B36700AB9560 /* ResError.swift */; };
		C17B70BD28B5B40600AB9560 /* ReqRegister.swift in Sources */ = {isa = PBXBuildFile; fileRef = C17B70BC28B5B40600AB9560 /* ReqRegister.swift */; };
		C17B70BF28B5B48C00AB9560 /* ResIndexTweets.swift in Sources */ = {isa = PBXBuildFile; fileRef = C17B70BE28B5B48C00AB9560 /* ResIndexTweets.swift */; };
		C17B70C128B5B4BD00AB9560 /* Location.swift in Sources */ = {isa = PBXBuildFile; fileRef = C17B70C028B5B4BD00AB9560 /* Location.swift */; };
		C17B70C328B5B5C100AB9560 /* ReqStoreTweet.swift in Sources */ = {isa = PBXBuildFile; fileRef = C17B70C228B5B5C100AB9560 /* ReqStoreTweet.swift */; };
		C17B70C528B5B6C300AB9560 /* ResDestroyTweet.swift in Sources */ = {isa = PBXBuildFile; fileRef = C17B70C428B5B6C300AB9560 /* ResDestroyTweet.swift */; };
		C17CB46028A9D21A00FE54F3 /* AppDelegate.swift in Sources */ = {isa = PBXBuildFile; fileRef = C17CB45F28A9D21A00FE54F3 /* AppDelegate.swift */; };
		C17CB46228A9D21A00FE54F3 /* SceneDelegate.swift in Sources */ = {isa = PBXBuildFile; fileRef = C17CB46128A9D21A00FE54F3 /* SceneDelegate.swift */; };
		C17CB46428A9D21A00FE54F3 /* OnBoardingViewController.swift in Sources */ = {isa = PBXBuildFile; fileRef = C17CB46328A9D21A00FE54F3 /* OnBoardingViewController.swift */; };
		C17CB46728A9D21A00FE54F3 /* OnBoarding.storyboard in Resources */ = {isa = PBXBuildFile; fileRef = C17CB46528A9D21A00FE54F3 /* OnBoarding.storyboard */; };
		C17CB46928A9D22000FE54F3 /* Assets.xcassets in Resources */ = {isa = PBXBuildFile; fileRef = C17CB46828A9D22000FE54F3 /* Assets.xcassets */; };
		C17CB46C28A9D22000FE54F3 /* LaunchScreen.storyboard in Resources */ = {isa = PBXBuildFile; fileRef = C17CB46A28A9D22000FE54F3 /* LaunchScreen.storyboard */; };
		C17CB48128A9D3CF00FE54F3 /* MyCustomView.swift in Sources */ = {isa = PBXBuildFile; fileRef = C17CB48028A9D3CF00FE54F3 /* MyCustomView.swift */; };
		C17CB48628A9D47800FE54F3 /* Media.xcassets in Resources */ = {isa = PBXBuildFile; fileRef = C17CB48528A9D47800FE54F3 /* Media.xcassets */; };
		C17CB48828A9D52100FE54F3 /* SingInViewController.swift in Sources */ = {isa = PBXBuildFile; fileRef = C17CB48728A9D52100FE54F3 /* SingInViewController.swift */; };
		C17CB48A28A9D52D00FE54F3 /* SingUpViewController.swift in Sources */ = {isa = PBXBuildFile; fileRef = C17CB48928A9D52D00FE54F3 /* SingUpViewController.swift */; };
		C17CB48D28A9D5A200FE54F3 /* SingIn.storyboard in Resources */ = {isa = PBXBuildFile; fileRef = C17CB48C28A9D5A200FE54F3 /* SingIn.storyboard */; };
		C17CB48F28A9D5AF00FE54F3 /* SingUp.storyboard in Resources */ = {isa = PBXBuildFile; fileRef = C17CB48E28A9D5AE00FE54F3 /* SingUp.storyboard */; };
		C17CB49228A9D6E500FE54F3 /* Main.storyboard in Resources */ = {isa = PBXBuildFile; fileRef = C17CB49128A9D6E500FE54F3 /* Main.storyboard */; };
		C188668C28C2AEE100C51D7C /* 7.jpg in Resources */ = {isa = PBXBuildFile; fileRef = C188668228C2AEDF00C51D7C /* 7.jpg */; };
		C188668D28C2AEE100C51D7C /* 3.jpg in Resources */ = {isa = PBXBuildFile; fileRef = C188668328C2AEDF00C51D7C /* 3.jpg */; };
		C188668E28C2AEE100C51D7C /* 1.JPG in Resources */ = {isa = PBXBuildFile; fileRef = C188668428C2AEDF00C51D7C /* 1.JPG */; };
		C188668F28C2AEE100C51D7C /* 4.jpg in Resources */ = {isa = PBXBuildFile; fileRef = C188668528C2AEE000C51D7C /* 4.jpg */; };
		C188669028C2AEE100C51D7C /* 9.jpg in Resources */ = {isa = PBXBuildFile; fileRef = C188668628C2AEE000C51D7C /* 9.jpg */; };
		C188669128C2AEE100C51D7C /* 2.jpg in Resources */ = {isa = PBXBuildFile; fileRef = C188668728C2AEE000C51D7C /* 2.jpg */; };
		C188669228C2AEE100C51D7C /* 10.jpg in Resources */ = {isa = PBXBuildFile; fileRef = C188668828C2AEE000C51D7C /* 10.jpg */; };
		C188669328C2AEE100C51D7C /* 6.jpg in Resources */ = {isa = PBXBuildFile; fileRef = C188668928C2AEE000C51D7C /* 6.jpg */; };
		C188669428C2AEE100C51D7C /* 5.jpg in Resources */ = {isa = PBXBuildFile; fileRef = C188668A28C2AEE100C51D7C /* 5.jpg */; };
		C188669528C2AEE100C51D7C /* 8.jpg in Resources */ = {isa = PBXBuildFile; fileRef = C188668B28C2AEE100C51D7C /* 8.jpg */; };
		C19DA4D528BFF27F00AA3BD1 /* GameViewController.swift in Sources */ = {isa = PBXBuildFile; fileRef = C19DA4D428BFF27F00AA3BD1 /* GameViewController.swift */; };
		C19DA4D928BFFFD700AA3BD1 /* Game.storyboard in Resources */ = {isa = PBXBuildFile; fileRef = C19DA4D828BFFFD700AA3BD1 /* Game.storyboard */; };
		C1A7A53028B5F94200CD4C36 /* DataSingleton.swift in Sources */ = {isa = PBXBuildFile; fileRef = C1A7A52F28B5F94200CD4C36 /* DataSingleton.swift */; };
		C1AF2A4C28B9A609002E6792 /* MainOneTableViewCell.swift in Sources */ = {isa = PBXBuildFile; fileRef = C1AF2A4A28B9A609002E6792 /* MainOneTableViewCell.swift */; };
		C1AF2A4D28B9A609002E6792 /* MainOneTableViewCell.xib in Resources */ = {isa = PBXBuildFile; fileRef = C1AF2A4B28B9A609002E6792 /* MainOneTableViewCell.xib */; };
		C1CD346028B1C31600763C6E /* MainTabBarViewController.swift in Sources */ = {isa = PBXBuildFile; fileRef = C1CD345F28B1C31600763C6E /* MainTabBarViewController.swift */; };
		C1CD346628B1F7F000763C6E /* Home.storyboard in Resources */ = {isa = PBXBuildFile; fileRef = C1CD346528B1F7F000763C6E /* Home.storyboard */; };
		C1CD346828B1F80800763C6E /* Star.storyboard in Resources */ = {isa = PBXBuildFile; fileRef = C1CD346728B1F80800763C6E /* Star.storyboard */; };
		C1CD346A28B1F83100763C6E /* Add.storyboard in Resources */ = {isa = PBXBuildFile; fileRef = C1CD346928B1F83100763C6E /* Add.storyboard */; };
		C1CD346C28B1F84C00763C6E /* Map.storyboard in Resources */ = {isa = PBXBuildFile; fileRef = C1CD346B28B1F84C00763C6E /* Map.storyboard */; };
		C1CD346E28B1F86600763C6E /* Profile.storyboard in Resources */ = {isa = PBXBuildFile; fileRef = C1CD346D28B1F86600763C6E /* Profile.storyboard */; };
		C1CD347128B1F93100763C6E /* HomeViewController.swift in Sources */ = {isa = PBXBuildFile; fileRef = C1CD347028B1F93100763C6E /* HomeViewController.swift */; };
		C1CD347328B1F94200763C6E /* StarViewController.swift in Sources */ = {isa = PBXBuildFile; fileRef = C1CD347228B1F94200763C6E /* StarViewController.swift */; };
		C1CD347628B1F95500763C6E /* MapViewController.swift in Sources */ = {isa = PBXBuildFile; fileRef = C1CD347528B1F95500763C6E /* MapViewController.swift */; };
		C1CD347928B1F96E00763C6E /* ProfileViewController.swift in Sources */ = {isa = PBXBuildFile; fileRef = C1CD347828B1F96E00763C6E /* ProfileViewController.swift */; };
		C1CD347B28B1F97F00763C6E /* AddViewController.swift in Sources */ = {isa = PBXBuildFile; fileRef = C1CD347A28B1F97F00763C6E /* AddViewController.swift */; };
/* End PBXBuildFile section */

/* Begin PBXCopyFilesBuildPhase section */
		C17B70AA28B5AC4F00AB9560 /* Embed Frameworks */ = {
			isa = PBXCopyFilesBuildPhase;
			buildActionMask = 2147483647;
			dstPath = "";
			dstSubfolderSpec = 10;
			files = (
				C17B70A928B5AC4F00AB9560 /* SnapKit.xcframework in Embed Frameworks */,
				C17B70A728B5AC4F00AB9560 /* NotificationBanner.xcframework in Embed Frameworks */,
				C122C84928BED2CA00C3F03B /* KeychainSwift.xcframework in Embed Frameworks */,
				C17B70A328B5AC4F00AB9560 /* Alamofire.xcframework in Embed Frameworks */,
				C17B70A528B5AC4F00AB9560 /* MarqueeLabel.xcframework in Embed Frameworks */,
			);
			name = "Embed Frameworks";
			runOnlyForDeploymentPostprocessing = 0;
		};
/* End PBXCopyFilesBuildPhase section */

/* Begin PBXFileReference section */
		C122C84728BED2CA00C3F03B /* KeychainSwift.xcframework */ = {isa = PBXFileReference; lastKnownFileType = wrapper.xcframework; name = KeychainSwift.xcframework; path = Carthage/Build/KeychainSwift.xcframework; sourceTree = "<group>"; };
		C16229D428BC722F0028C03A /* PinCodeViewController.swift */ = {isa = PBXFileReference; lastKnownFileType = sourcecode.swift; path = PinCodeViewController.swift; sourceTree = "<group>"; };
		C16229D828BC87B00028C03A /* PinCode.storyboard */ = {isa = PBXFileReference; fileEncoding = 4; lastKnownFileType = file.storyboard; path = PinCode.storyboard; sourceTree = "<group>"; };
		C16229DB28BC92090028C03A /* SplashViewController.swift */ = {isa = PBXFileReference; lastKnownFileType = sourcecode.swift; path = SplashViewController.swift; sourceTree = "<group>"; };
		C16229DD28BC98590028C03A /* Splash.storyboard */ = {isa = PBXFileReference; fileEncoding = 4; lastKnownFileType = file.storyboard; name = Splash.storyboard; path = ProyectoTwitter/App/ViewsAndControllers/Splash/Splash.storyboard; sourceTree = SOURCE_ROOT; };
		C16715D028C417A5003D6402 /* SplashBaby.storyboard */ = {isa = PBXFileReference; lastKnownFileType = file.storyboard; path = SplashBaby.storyboard; sourceTree = "<group>"; };
		C16715D328C417BD003D6402 /* MainBaby.storyboard */ = {isa = PBXFileReference; lastKnownFileType = file.storyboard; path = MainBaby.storyboard; sourceTree = "<group>"; };
		C16715D528C417CC003D6402 /* Login.storyboard */ = {isa = PBXFileReference; lastKnownFileType = file.storyboard; path = Login.storyboard; sourceTree = "<group>"; };
		C16715D728C417D8003D6402 /* ScanQR.storyboard */ = {isa = PBXFileReference; lastKnownFileType = file.storyboard; path = ScanQR.storyboard; sourceTree = "<group>"; };
		C16715D928C417E4003D6402 /* OwnerRegister.storyboard */ = {isa = PBXFileReference; lastKnownFileType = file.storyboard; path = OwnerRegister.storyboard; sourceTree = "<group>"; };
		C16715DB28C417EF003D6402 /* ProfileBaby.storyboard */ = {isa = PBXFileReference; lastKnownFileType = file.storyboard; path = ProfileBaby.storyboard; sourceTree = "<group>"; };
		C16715DD28C417FD003D6402 /* Logbook.storyboard */ = {isa = PBXFileReference; lastKnownFileType = file.storyboard; path = Logbook.storyboard; sourceTree = "<group>"; };
		C16715DF28C4180B003D6402 /* Results.storyboard */ = {isa = PBXFileReference; lastKnownFileType = file.storyboard; path = Results.storyboard; sourceTree = "<group>"; };
		C16715E128C4181A003D6402 /* Certificado.storyboard */ = {isa = PBXFileReference; lastKnownFileType = file.storyboard; path = Certificado.storyboard; sourceTree = "<group>"; };
		C16715E328C41828003D6402 /* CertificadoViewController.swift */ = {isa = PBXFileReference; lastKnownFileType = sourcecode.swift; path = CertificadoViewController.swift; sourceTree = "<group>"; };
		C16715E528C41835003D6402 /* HelpViewController.swift */ = {isa = PBXFileReference; lastKnownFileType = sourcecode.swift; path = HelpViewController.swift; sourceTree = "<group>"; };
		C16715E728C4183C003D6402 /* Help.storyboard */ = {isa = PBXFileReference; lastKnownFileType = file.storyboard; path = Help.storyboard; sourceTree = "<group>"; };
		C16715E928C4184E003D6402 /* StudentList.storyboard */ = {isa = PBXFileReference; lastKnownFileType = file.storyboard; path = StudentList.storyboard; sourceTree = "<group>"; };
		C16715EB28C41857003D6402 /* StudentListViewController.swift */ = {isa = PBXFileReference; lastKnownFileType = sourcecode.swift; path = StudentListViewController.swift; sourceTree = "<group>"; };
		C16715ED28C41865003D6402 /* StudentRegister.storyboard */ = {isa = PBXFileReference; lastKnownFileType = file.storyboard; path = StudentRegister.storyboard; sourceTree = "<group>"; };
		C16715EF28C4186C003D6402 /* StudentRegisterViewController.swift */ = {isa = PBXFileReference; lastKnownFileType = sourcecode.swift; path = StudentRegisterViewController.swift; sourceTree = "<group>"; };
		C16715F128C4187A003D6402 /* StudentDetailsViewController.swift */ = {isa = PBXFileReference; lastKnownFileType = sourcecode.swift; path = StudentDetailsViewController.swift; sourceTree = "<group>"; };
		C16715F328C41881003D6402 /* StudentDetails.storyboard */ = {isa = PBXFileReference; lastKnownFileType = file.storyboard; path = StudentDetails.storyboard; sourceTree = "<group>"; };
		C16715F528C4188B003D6402 /* Simulator.storyboard */ = {isa = PBXFileReference; lastKnownFileType = file.storyboard; path = Simulator.storyboard; sourceTree = "<group>"; };
		C16715F728C41897003D6402 /* SimulatorViewController.swift */ = {isa = PBXFileReference; lastKnownFileType = sourcecode.swift; path = SimulatorViewController.swift; sourceTree = "<group>"; };
		C16715F928C418A3003D6402 /* SettingsViewController.swift */ = {isa = PBXFileReference; lastKnownFileType = sourcecode.swift; path = SettingsViewController.swift; sourceTree = "<group>"; };
		C16715FB28C418AD003D6402 /* Settings.storyboard */ = {isa = PBXFileReference; lastKnownFileType = file.storyboard; path = Settings.storyboard; sourceTree = "<group>"; };
		C16715FD28C418B7003D6402 /* Calibration.storyboard */ = {isa = PBXFileReference; lastKnownFileType = file.storyboard; path = Calibration.storyboard; sourceTree = "<group>"; };
		C16715FF28C418C0003D6402 /* CalibrationViewController.swift */ = {isa = PBXFileReference; lastKnownFileType = sourcecode.swift; path = CalibrationViewController.swift; sourceTree = "<group>"; };
		C167160128C41908003D6402 /* SupportViewController.swift */ = {isa = PBXFileReference; lastKnownFileType = sourcecode.swift; path = SupportViewController.swift; sourceTree = "<group>"; };
		C167160328C4190F003D6402 /* Support.storyboard */ = {isa = PBXFileReference; lastKnownFileType = file.storyboard; path = Support.storyboard; sourceTree = "<group>"; };
		C167160528C4191B003D6402 /* InstructorListViewController.swift */ = {isa = PBXFileReference; lastKnownFileType = sourcecode.swift; path = InstructorListViewController.swift; sourceTree = "<group>"; };
		C167160728C41922003D6402 /* InstructorList.storyboard */ = {isa = PBXFileReference; lastKnownFileType = file.storyboard; path = InstructorList.storyboard; sourceTree = "<group>"; };
		C167160928C4192C003D6402 /* InstructorRegisterViewController.swift */ = {isa = PBXFileReference; lastKnownFileType = sourcecode.swift; path = InstructorRegisterViewController.swift; sourceTree = "<group>"; };
		C167160B28C41935003D6402 /* InstructorRegister.storyboard */ = {isa = PBXFileReference; lastKnownFileType = file.storyboard; path = InstructorRegister.storyboard; sourceTree = "<group>"; };
		C167160D28C41941003D6402 /* MonitorViewController.swift */ = {isa = PBXFileReference; lastKnownFileType = sourcecode.swift; path = MonitorViewController.swift; sourceTree = "<group>"; };
		C167160F28C41947003D6402 /* Monitor.storyboard */ = {isa = PBXFileReference; lastKnownFileType = file.storyboard; path = Monitor.storyboard; sourceTree = "<group>"; };
		C167161128C41956003D6402 /* ResultsViewController.swift */ = {isa = PBXFileReference; lastKnownFileType = sourcecode.swift; path = ResultsViewController.swift; sourceTree = "<group>"; };
		C167161328C41960003D6402 /* LogbookViewController.swift */ = {isa = PBXFileReference; lastKnownFileType = sourcecode.swift; path = LogbookViewController.swift; sourceTree = "<group>"; };
		C167161528C41973003D6402 /* ProfileBabyViewController.swift */ = {isa = PBXFileReference; lastKnownFileType = sourcecode.swift; path = ProfileBabyViewController.swift; sourceTree = "<group>"; };
		C167161728C4197E003D6402 /* OwnerRegisterViewController.swift */ = {isa = PBXFileReference; lastKnownFileType = sourcecode.swift; path = OwnerRegisterViewController.swift; sourceTree = "<group>"; };
		C167161928C4198D003D6402 /* ScanQRViewController.swift */ = {isa = PBXFileReference; lastKnownFileType = sourcecode.swift; path = ScanQRViewController.swift; sourceTree = "<group>"; };
		C167161B28C41997003D6402 /* MainBabyViewController.swift */ = {isa = PBXFileReference; lastKnownFileType = sourcecode.swift; path = MainBabyViewController.swift; sourceTree = "<group>"; };
		C167161D28C419A4003D6402 /* LoginViewController.swift */ = {isa = PBXFileReference; lastKnownFileType = sourcecode.swift; path = LoginViewController.swift; sourceTree = "<group>"; };
		C167161F28C419B3003D6402 /* SplashBabyViewController.swift */ = {isa = PBXFileReference; lastKnownFileType = sourcecode.swift; path = SplashBabyViewController.swift; sourceTree = "<group>"; };
		C17B709E28B5AC4F00AB9560 /* Alamofire.xcframework */ = {isa = PBXFileReference; lastKnownFileType = wrapper.xcframework; name = Alamofire.xcframework; path = Carthage/Build/Alamofire.xcframework; sourceTree = "<group>"; };
		C17B709F28B5AC4F00AB9560 /* MarqueeLabel.xcframework */ = {isa = PBXFileReference; lastKnownFileType = wrapper.xcframework; name = MarqueeLabel.xcframework; path = Carthage/Build/MarqueeLabel.xcframework; sourceTree = "<group>"; };
		C17B70A028B5AC4F00AB9560 /* NotificationBanner.xcframework */ = {isa = PBXFileReference; lastKnownFileType = wrapper.xcframework; name = NotificationBanner.xcframework; path = Carthage/Build/NotificationBanner.xcframework; sourceTree = "<group>"; };
		C17B70A128B5AC4F00AB9560 /* SnapKit.xcframework */ = {isa = PBXFileReference; lastKnownFileType = wrapper.xcframework; name = SnapKit.xcframework; path = Carthage/Build/SnapKit.xcframework; sourceTree = "<group>"; };
		C17B70AF28B5B16900AB9560 /* Endpoints.swift */ = {isa = PBXFileReference; lastKnownFileType = sourcecode.swift; path = Endpoints.swift; sourceTree = "<group>"; };
		C17B70B328B5B25A00AB9560 /* ReqLogin.swift */ = {isa = PBXFileReference; lastKnownFileType = sourcecode.swift; path = ReqLogin.swift; sourceTree = "<group>"; };
		C17B70B528B5B26700AB9560 /* ResLoginRegister.swift */ = {isa = PBXFileReference; lastKnownFileType = sourcecode.swift; path = ResLoginRegister.swift; sourceTree = "<group>"; };
		C17B70B828B5B2C900AB9560 /* User.swift */ = {isa = PBXFileReference; lastKnownFileType = sourcecode.swift; path = User.swift; sourceTree = "<group>"; };
		C17B70BA28B5B36700AB9560 /* ResError.swift */ = {isa = PBXFileReference; lastKnownFileType = sourcecode.swift; path = ResError.swift; sourceTree = "<group>"; };
		C17B70BC28B5B40600AB9560 /* ReqRegister.swift */ = {isa = PBXFileReference; lastKnownFileType = sourcecode.swift; path = ReqRegister.swift; sourceTree = "<group>"; };
		C17B70BE28B5B48C00AB9560 /* ResIndexTweets.swift */ = {isa = PBXFileReference; lastKnownFileType = sourcecode.swift; path = ResIndexTweets.swift; sourceTree = "<group>"; };
		C17B70C028B5B4BD00AB9560 /* Location.swift */ = {isa = PBXFileReference; lastKnownFileType = sourcecode.swift; path = Location.swift; sourceTree = "<group>"; };
		C17B70C228B5B5C100AB9560 /* ReqStoreTweet.swift */ = {isa = PBXFileReference; lastKnownFileType = sourcecode.swift; path = ReqStoreTweet.swift; sourceTree = "<group>"; };
		C17B70C428B5B6C300AB9560 /* ResDestroyTweet.swift */ = {isa = PBXFileReference; lastKnownFileType = sourcecode.swift; path = ResDestroyTweet.swift; sourceTree = "<group>"; };
		C17CB45C28A9D21A00FE54F3 /* ProyectoTwitter.app */ = {isa = PBXFileReference; explicitFileType = wrapper.application; includeInIndex = 0; path = ProyectoTwitter.app; sourceTree = BUILT_PRODUCTS_DIR; };
		C17CB45F28A9D21A00FE54F3 /* AppDelegate.swift */ = {isa = PBXFileReference; lastKnownFileType = sourcecode.swift; path = AppDelegate.swift; sourceTree = "<group>"; };
		C17CB46128A9D21A00FE54F3 /* SceneDelegate.swift */ = {isa = PBXFileReference; lastKnownFileType = sourcecode.swift; path = SceneDelegate.swift; sourceTree = "<group>"; };
		C17CB46328A9D21A00FE54F3 /* OnBoardingViewController.swift */ = {isa = PBXFileReference; lastKnownFileType = sourcecode.swift; path = OnBoardingViewController.swift; sourceTree = "<group>"; };
		C17CB46628A9D21A00FE54F3 /* Base */ = {isa = PBXFileReference; lastKnownFileType = file.storyboard; name = Base; path = Base.lproj/OnBoarding.storyboard; sourceTree = "<group>"; };
		C17CB46828A9D22000FE54F3 /* Assets.xcassets */ = {isa = PBXFileReference; lastKnownFileType = folder.assetcatalog; path = Assets.xcassets; sourceTree = "<group>"; };
		C17CB46B28A9D22000FE54F3 /* Base */ = {isa = PBXFileReference; lastKnownFileType = file.storyboard; name = Base; path = Base.lproj/LaunchScreen.storyboard; sourceTree = "<group>"; };
		C17CB46D28A9D22000FE54F3 /* Info.plist */ = {isa = PBXFileReference; lastKnownFileType = text.plist.xml; path = Info.plist; sourceTree = "<group>"; };
		C17CB48028A9D3CF00FE54F3 /* MyCustomView.swift */ = {isa = PBXFileReference; lastKnownFileType = sourcecode.swift; path = MyCustomView.swift; sourceTree = "<group>"; };
		C17CB48528A9D47800FE54F3 /* Media.xcassets */ = {isa = PBXFileReference; lastKnownFileType = folder.assetcatalog; path = Media.xcassets; sourceTree = "<group>"; };
		C17CB48728A9D52100FE54F3 /* SingInViewController.swift */ = {isa = PBXFileReference; lastKnownFileType = sourcecode.swift; path = SingInViewController.swift; sourceTree = "<group>"; };
		C17CB48928A9D52D00FE54F3 /* SingUpViewController.swift */ = {isa = PBXFileReference; lastKnownFileType = sourcecode.swift; path = SingUpViewController.swift; sourceTree = "<group>"; };
		C17CB48C28A9D5A200FE54F3 /* SingIn.storyboard */ = {isa = PBXFileReference; lastKnownFileType = file.storyboard; path = SingIn.storyboard; sourceTree = "<group>"; };
		C17CB48E28A9D5AE00FE54F3 /* SingUp.storyboard */ = {isa = PBXFileReference; lastKnownFileType = file.storyboard; path = SingUp.storyboard; sourceTree = "<group>"; };
		C17CB49128A9D6E500FE54F3 /* Main.storyboard */ = {isa = PBXFileReference; lastKnownFileType = file.storyboard; path = Main.storyboard; sourceTree = "<group>"; };
		C188668228C2AEDF00C51D7C /* 7.jpg */ = {isa = PBXFileReference; lastKnownFileType = image.jpeg; path = 7.jpg; sourceTree = "<group>"; };
		C188668328C2AEDF00C51D7C /* 3.jpg */ = {isa = PBXFileReference; lastKnownFileType = image.jpeg; path = 3.jpg; sourceTree = "<group>"; };
		C188668428C2AEDF00C51D7C /* 1.JPG */ = {isa = PBXFileReference; lastKnownFileType = image.jpeg; path = 1.JPG; sourceTree = "<group>"; };
		C188668528C2AEE000C51D7C /* 4.jpg */ = {isa = PBXFileReference; lastKnownFileType = image.jpeg; path = 4.jpg; sourceTree = "<group>"; };
		C188668628C2AEE000C51D7C /* 9.jpg */ = {isa = PBXFileReference; lastKnownFileType = image.jpeg; path = 9.jpg; sourceTree = "<group>"; };
		C188668728C2AEE000C51D7C /* 2.jpg */ = {isa = PBXFileReference; lastKnownFileType = image.jpeg; path = 2.jpg; sourceTree = "<group>"; };
		C188668828C2AEE000C51D7C /* 10.jpg */ = {isa = PBXFileReference; lastKnownFileType = image.jpeg; path = 10.jpg; sourceTree = "<group>"; };
		C188668928C2AEE000C51D7C /* 6.jpg */ = {isa = PBXFileReference; lastKnownFileType = image.jpeg; path = 6.jpg; sourceTree = "<group>"; };
		C188668A28C2AEE100C51D7C /* 5.jpg */ = {isa = PBXFileReference; lastKnownFileType = image.jpeg; path = 5.jpg; sourceTree = "<group>"; };
		C188668B28C2AEE100C51D7C /* 8.jpg */ = {isa = PBXFileReference; lastKnownFileType = image.jpeg; path = 8.jpg; sourceTree = "<group>"; };
		C19DA4D428BFF27F00AA3BD1 /* GameViewController.swift */ = {isa = PBXFileReference; lastKnownFileType = sourcecode.swift; path = GameViewController.swift; sourceTree = "<group>"; };
		C19DA4D828BFFFD700AA3BD1 /* Game.storyboard */ = {isa = PBXFileReference; fileEncoding = 4; lastKnownFileType = file.storyboard; path = Game.storyboard; sourceTree = "<group>"; };
		C1A7A52F28B5F94200CD4C36 /* DataSingleton.swift */ = {isa = PBXFileReference; lastKnownFileType = sourcecode.swift; path = DataSingleton.swift; sourceTree = "<group>"; };
		C1AF2A4A28B9A609002E6792 /* MainOneTableViewCell.swift */ = {isa = PBXFileReference; lastKnownFileType = sourcecode.swift; path = MainOneTableViewCell.swift; sourceTree = "<group>"; };
		C1AF2A4B28B9A609002E6792 /* MainOneTableViewCell.xib */ = {isa = PBXFileReference; lastKnownFileType = file.xib; path = MainOneTableViewCell.xib; sourceTree = "<group>"; };
		C1CD345F28B1C31600763C6E /* MainTabBarViewController.swift */ = {isa = PBXFileReference; lastKnownFileType = sourcecode.swift; path = MainTabBarViewController.swift; sourceTree = "<group>"; };
		C1CD346528B1F7F000763C6E /* Home.storyboard */ = {isa = PBXFileReference; fileEncoding = 4; lastKnownFileType = file.storyboard; path = Home.storyboard; sourceTree = "<group>"; };
		C1CD346728B1F80800763C6E /* Star.storyboard */ = {isa = PBXFileReference; fileEncoding = 4; lastKnownFileType = file.storyboard; path = Star.storyboard; sourceTree = "<group>"; };
		C1CD346928B1F83100763C6E /* Add.storyboard */ = {isa = PBXFileReference; fileEncoding = 4; lastKnownFileType = file.storyboard; path = Add.storyboard; sourceTree = "<group>"; };
		C1CD346B28B1F84C00763C6E /* Map.storyboard */ = {isa = PBXFileReference; fileEncoding = 4; lastKnownFileType = file.storyboard; path = Map.storyboard; sourceTree = "<group>"; };
		C1CD346D28B1F86600763C6E /* Profile.storyboard */ = {isa = PBXFileReference; fileEncoding = 4; lastKnownFileType = file.storyboard; path = Profile.storyboard; sourceTree = "<group>"; };
		C1CD347028B1F93100763C6E /* HomeViewController.swift */ = {isa = PBXFileReference; lastKnownFileType = sourcecode.swift; path = HomeViewController.swift; sourceTree = "<group>"; };
		C1CD347228B1F94200763C6E /* StarViewController.swift */ = {isa = PBXFileReference; lastKnownFileType = sourcecode.swift; path = StarViewController.swift; sourceTree = "<group>"; };
		C1CD347528B1F95500763C6E /* MapViewController.swift */ = {isa = PBXFileReference; lastKnownFileType = sourcecode.swift; path = MapViewController.swift; sourceTree = "<group>"; };
		C1CD347828B1F96E00763C6E /* ProfileViewController.swift */ = {isa = PBXFileReference; lastKnownFileType = sourcecode.swift; path = ProfileViewController.swift; sourceTree = "<group>"; };
		C1CD347A28B1F97F00763C6E /* AddViewController.swift */ = {isa = PBXFileReference; lastKnownFileType = sourcecode.swift; path = AddViewController.swift; sourceTree = "<group>"; };
/* End PBXFileReference section */

/* Begin PBXFrameworksBuildPhase section */
		C17CB45928A9D21A00FE54F3 /* Frameworks */ = {
			isa = PBXFrameworksBuildPhase;
			buildActionMask = 2147483647;
			files = (
				C17B70A828B5AC4F00AB9560 /* SnapKit.xcframework in Frameworks */,
				C17B70A628B5AC4F00AB9560 /* NotificationBanner.xcframework in Frameworks */,
				C122C84828BED2CA00C3F03B /* KeychainSwift.xcframework in Frameworks */,
				C17B70A228B5AC4F00AB9560 /* Alamofire.xcframework in Frameworks */,
				C17B70A428B5AC4F00AB9560 /* MarqueeLabel.xcframework in Frameworks */,
			);
			runOnlyForDeploymentPostprocessing = 0;
		};
/* End PBXFrameworksBuildPhase section */

/* Begin PBXGroup section */
		C122C84A28BED98000C3F03B /* ImagesProyect */ = {
			isa = PBXGroup;
			children = (
				C188668428C2AEDF00C51D7C /* 1.JPG */,
				C188668728C2AEE000C51D7C /* 2.jpg */,
				C188668328C2AEDF00C51D7C /* 3.jpg */,
				C188668528C2AEE000C51D7C /* 4.jpg */,
				C188668A28C2AEE100C51D7C /* 5.jpg */,
				C188668928C2AEE000C51D7C /* 6.jpg */,
				C188668228C2AEDF00C51D7C /* 7.jpg */,
				C188668B28C2AEE100C51D7C /* 8.jpg */,
				C188668628C2AEE000C51D7C /* 9.jpg */,
				C188668828C2AEE000C51D7C /* 10.jpg */,
			);
			path = ImagesProyect;
			sourceTree = "<group>";
		};
		C16229D228BC720B0028C03A /* Projects */ = {
			isa = PBXGroup;
			children = (
				C19DA4D328BFF26B00AA3BD1 /* Game */,
				C16229D328BC72120028C03A /* PinCode */,
			);
			path = Projects;
			sourceTree = "<group>";
		};
		C16229D328BC72120028C03A /* PinCode */ = {
			isa = PBXGroup;
			children = (
				C16229D428BC722F0028C03A /* PinCodeViewController.swift */,
				C16229D828BC87B00028C03A /* PinCode.storyboard */,
			);
			path = PinCode;
			sourceTree = "<group>";
		};
		C16229DA28BC91F10028C03A /* Splash */ = {
			isa = PBXGroup;
			children = (
				C16229DB28BC92090028C03A /* SplashViewController.swift */,
				C16229DD28BC98590028C03A /* Splash.storyboard */,
			);
			path = Splash;
			sourceTree = "<group>";
		};
		C16715AE28C4126F003D6402 /* Baby */ = {
			isa = PBXGroup;
			children = (
				C16715AF28C412C8003D6402 /* App */,
				C16715B328C41335003D6402 /* Models */,
				C16715B228C41328003D6402 /* Endpoints */,
				C16715B128C41313003D6402 /* Resources */,
				C16715B028C4130C003D6402 /* Commands */,
			);
			path = Baby;
			sourceTree = "<group>";
		};
		C16715AF28C412C8003D6402 /* App */ = {
			isa = PBXGroup;
			children = (
				C16715CF28C41787003D6402 /* SplashBaby */,
				C16715CE28C41774003D6402 /* MainBaby */,
				C16715CD28C4175D003D6402 /* Login */,
				C16715CC28C4174C003D6402 /* ScanQR */,
				C16715CB28C4173B003D6402 /* OwnerRegister */,
				C16715CA28C41734003D6402 /* ProfileBaby */,
				C16715C928C41728003D6402 /* Logbook */,
				C16715C828C4171F003D6402 /* Results */,
				C16715C728C41716003D6402 /* Certificado */,
				C16715C628C4170E003D6402 /* Help */,
				C16715C528C41700003D6402 /* StudentList */,
				C16715C428C416F3003D6402 /* StudentRegister */,
				C16715C328C416E6003D6402 /* StudentDetails */,
				C16715C228C416DD003D6402 /* Simulator */,
				C16715C128C416D5003D6402 /* Settings */,
				C16715C028C416CB003D6402 /* Calibration */,
				C16715BF28C416C0003D6402 /* Support */,
				C16715BE28C416B4003D6402 /* InstructorList */,
				C16715BD28C416A7003D6402 /* InstructorRegister */,
				C16715BC28C41691003D6402 /* Monitor */,
			);
			path = App;
			sourceTree = "<group>";
		};
		C16715B028C4130C003D6402 /* Commands */ = {
			isa = PBXGroup;
			children = (
				C16715BA28C413B9003D6402 /* Wifi */,
				C16715B928C413AC003D6402 /* UserShared */,
			);
			path = Commands;
			sourceTree = "<group>";
		};
		C16715B128C41313003D6402 /* Resources */ = {
			isa = PBXGroup;
			children = (
				C16715B828C41374003D6402 /* Colors */,
				C16715B728C4136F003D6402 /* Assets */,
			);
			path = Resources;
			sourceTree = "<group>";
		};
		C16715B228C41328003D6402 /* Endpoints */ = {
			isa = PBXGroup;
			children = (
			);
			path = Endpoints;
			sourceTree = "<group>";
		};
		C16715B328C41335003D6402 /* Models */ = {
			isa = PBXGroup;
			children = (
				C16715B628C41360003D6402 /* Request */,
				C16715B528C4135A003D6402 /* Response */,
				C16715B428C41354003D6402 /* Models */,
			);
			path = Models;
			sourceTree = "<group>";
		};
		C16715B428C41354003D6402 /* Models */ = {
			isa = PBXGroup;
			children = (
			);
			path = Models;
			sourceTree = "<group>";
		};
		C16715B528C4135A003D6402 /* Response */ = {
			isa = PBXGroup;
			children = (
			);
			path = Response;
			sourceTree = "<group>";
		};
		C16715B628C41360003D6402 /* Request */ = {
			isa = PBXGroup;
			children = (
			);
			path = Request;
			sourceTree = "<group>";
		};
		C16715B728C4136F003D6402 /* Assets */ = {
			isa = PBXGroup;
			children = (
			);
			path = Assets;
			sourceTree = "<group>";
		};
		C16715B828C41374003D6402 /* Colors */ = {
			isa = PBXGroup;
			children = (
			);
			path = Colors;
			sourceTree = "<group>";
		};
		C16715B928C413AC003D6402 /* UserShared */ = {
			isa = PBXGroup;
			children = (
			);
			path = UserShared;
			sourceTree = "<group>";
		};
		C16715BA28C413B9003D6402 /* Wifi */ = {
			isa = PBXGroup;
			children = (
			);
			path = Wifi;
			sourceTree = "<group>";
		};
		C16715BC28C41691003D6402 /* Monitor */ = {
			isa = PBXGroup;
			children = (
				C167160D28C41941003D6402 /* MonitorViewController.swift */,
				C167160F28C41947003D6402 /* Monitor.storyboard */,
			);
			path = Monitor;
			sourceTree = "<group>";
		};
		C16715BD28C416A7003D6402 /* InstructorRegister */ = {
			isa = PBXGroup;
			children = (
				C167160928C4192C003D6402 /* InstructorRegisterViewController.swift */,
				C167160B28C41935003D6402 /* InstructorRegister.storyboard */,
			);
			path = InstructorRegister;
			sourceTree = "<group>";
		};
		C16715BE28C416B4003D6402 /* InstructorList */ = {
			isa = PBXGroup;
			children = (
				C167160528C4191B003D6402 /* InstructorListViewController.swift */,
				C167160728C41922003D6402 /* InstructorList.storyboard */,
			);
			path = InstructorList;
			sourceTree = "<group>";
		};
		C16715BF28C416C0003D6402 /* Support */ = {
			isa = PBXGroup;
			children = (
				C167160128C41908003D6402 /* SupportViewController.swift */,
				C167160328C4190F003D6402 /* Support.storyboard */,
			);
			path = Support;
			sourceTree = "<group>";
		};
		C16715C028C416CB003D6402 /* Calibration */ = {
			isa = PBXGroup;
			children = (
				C16715FD28C418B7003D6402 /* Calibration.storyboard */,
				C16715FF28C418C0003D6402 /* CalibrationViewController.swift */,
			);
			path = Calibration;
			sourceTree = "<group>";
		};
		C16715C128C416D5003D6402 /* Settings */ = {
			isa = PBXGroup;
			children = (
				C16715F928C418A3003D6402 /* SettingsViewController.swift */,
				C16715FB28C418AD003D6402 /* Settings.storyboard */,
			);
			path = Settings;
			sourceTree = "<group>";
		};
		C16715C228C416DD003D6402 /* Simulator */ = {
			isa = PBXGroup;
			children = (
				C16715F528C4188B003D6402 /* Simulator.storyboard */,
				C16715F728C41897003D6402 /* SimulatorViewController.swift */,
			);
			path = Simulator;
			sourceTree = "<group>";
		};
		C16715C328C416E6003D6402 /* StudentDetails */ = {
			isa = PBXGroup;
			children = (
				C16715F128C4187A003D6402 /* StudentDetailsViewController.swift */,
				C16715F328C41881003D6402 /* StudentDetails.storyboard */,
			);
			path = StudentDetails;
			sourceTree = "<group>";
		};
		C16715C428C416F3003D6402 /* StudentRegister */ = {
			isa = PBXGroup;
			children = (
				C16715ED28C41865003D6402 /* StudentRegister.storyboard */,
				C16715EF28C4186C003D6402 /* StudentRegisterViewController.swift */,
			);
			path = StudentRegister;
			sourceTree = "<group>";
		};
		C16715C528C41700003D6402 /* StudentList */ = {
			isa = PBXGroup;
			children = (
				C16715E928C4184E003D6402 /* StudentList.storyboard */,
				C16715EB28C41857003D6402 /* StudentListViewController.swift */,
			);
			path = StudentList;
			sourceTree = "<group>";
		};
		C16715C628C4170E003D6402 /* Help */ = {
			isa = PBXGroup;
			children = (
				C16715E728C4183C003D6402 /* Help.storyboard */,
				C16715E528C41835003D6402 /* HelpViewController.swift */,
			);
			path = Help;
			sourceTree = "<group>";
		};
		C16715C728C41716003D6402 /* Certificado */ = {
			isa = PBXGroup;
			children = (
				C16715E128C4181A003D6402 /* Certificado.storyboard */,
				C16715E328C41828003D6402 /* CertificadoViewController.swift */,
			);
			path = Certificado;
			sourceTree = "<group>";
		};
		C16715C828C4171F003D6402 /* Results */ = {
			isa = PBXGroup;
			children = (
				C16715DF28C4180B003D6402 /* Results.storyboard */,
				C167161128C41956003D6402 /* ResultsViewController.swift */,
			);
			path = Results;
			sourceTree = "<group>";
		};
		C16715C928C41728003D6402 /* Logbook */ = {
			isa = PBXGroup;
			children = (
				C16715DD28C417FD003D6402 /* Logbook.storyboard */,
				C167161328C41960003D6402 /* LogbookViewController.swift */,
			);
			path = Logbook;
			sourceTree = "<group>";
		};
		C16715CA28C41734003D6402 /* ProfileBaby */ = {
			isa = PBXGroup;
			children = (
				C16715DB28C417EF003D6402 /* ProfileBaby.storyboard */,
				C167161528C41973003D6402 /* ProfileBabyViewController.swift */,
			);
			path = ProfileBaby;
			sourceTree = "<group>";
		};
		C16715CB28C4173B003D6402 /* OwnerRegister */ = {
			isa = PBXGroup;
			children = (
				C16715D928C417E4003D6402 /* OwnerRegister.storyboard */,
				C167161728C4197E003D6402 /* OwnerRegisterViewController.swift */,
			);
			path = OwnerRegister;
			sourceTree = "<group>";
		};
		C16715CC28C4174C003D6402 /* ScanQR */ = {
			isa = PBXGroup;
			children = (
				C16715D728C417D8003D6402 /* ScanQR.storyboard */,
				C167161928C4198D003D6402 /* ScanQRViewController.swift */,
			);
			path = ScanQR;
			sourceTree = "<group>";
		};
		C16715CD28C4175D003D6402 /* Login */ = {
			isa = PBXGroup;
			children = (
				C16715D528C417CC003D6402 /* Login.storyboard */,
				C167161D28C419A4003D6402 /* LoginViewController.swift */,
			);
			path = Login;
			sourceTree = "<group>";
		};
		C16715CE28C41774003D6402 /* MainBaby */ = {
			isa = PBXGroup;
			children = (
				C16715D328C417BD003D6402 /* MainBaby.storyboard */,
				C167161B28C41997003D6402 /* MainBabyViewController.swift */,
			);
			path = MainBaby;
			sourceTree = "<group>";
		};
		C16715CF28C41787003D6402 /* SplashBaby */ = {
			isa = PBXGroup;
			children = (
				C16715D028C417A5003D6402 /* SplashBaby.storyboard */,
				C167161F28C419B3003D6402 /* SplashBabyViewController.swift */,
			);
			path = SplashBaby;
			sourceTree = "<group>";
		};
		C17B709C28B5A1CA00AB9560 /* SharedData */ = {
			isa = PBXGroup;
			children = (
				C1A7A52F28B5F94200CD4C36 /* DataSingleton.swift */,
			);
			path = SharedData;
			sourceTree = "<group>";
		};
		C17B709D28B5AC4E00AB9560 /* Frameworks */ = {
			isa = PBXGroup;
			children = (
				C122C84728BED2CA00C3F03B /* KeychainSwift.xcframework */,
				C17B709E28B5AC4F00AB9560 /* Alamofire.xcframework */,
				C17B709F28B5AC4F00AB9560 /* MarqueeLabel.xcframework */,
				C17B70A028B5AC4F00AB9560 /* NotificationBanner.xcframework */,
				C17B70A128B5AC4F00AB9560 /* SnapKit.xcframework */,
			);
			name = Frameworks;
			sourceTree = "<group>";
		};
		C17B70AB28B5B0F100AB9560 /* Models */ = {
			isa = PBXGroup;
			children = (
				C17B70B828B5B2C900AB9560 /* User.swift */,
				C17B70C028B5B4BD00AB9560 /* Location.swift */,
			);
			path = Models;
			sourceTree = "<group>";
		};
		C17B70AC28B5B0F700AB9560 /* Response */ = {
			isa = PBXGroup;
			children = (
				C17B70B228B5B24800AB9560 /* Auth */,
				C17B70BA28B5B36700AB9560 /* ResError.swift */,
				C17B70BE28B5B48C00AB9560 /* ResIndexTweets.swift */,
				C17B70C428B5B6C300AB9560 /* ResDestroyTweet.swift */,
			);
			path = Response;
			sourceTree = "<group>";
		};
		C17B70AD28B5B0FD00AB9560 /* Request */ = {
			isa = PBXGroup;
			children = (
				C17B70B128B5B24100AB9560 /* Auth */,
				C17B70C228B5B5C100AB9560 /* ReqStoreTweet.swift */,
			);
			path = Request;
			sourceTree = "<group>";
		};
		C17B70AE28B5B12800AB9560 /* Endpoints */ = {
			isa = PBXGroup;
			children = (
				C17B70AF28B5B16900AB9560 /* Endpoints.swift */,
			);
			path = Endpoints;
			sourceTree = "<group>";
		};
		C17B70B128B5B24100AB9560 /* Auth */ = {
			isa = PBXGroup;
			children = (
				C17B70B328B5B25A00AB9560 /* ReqLogin.swift */,
				C17B70BC28B5B40600AB9560 /* ReqRegister.swift */,
			);
			path = Auth;
			sourceTree = "<group>";
		};
		C17B70B228B5B24800AB9560 /* Auth */ = {
			isa = PBXGroup;
			children = (
				C17B70B528B5B26700AB9560 /* ResLoginRegister.swift */,
			);
			path = Auth;
			sourceTree = "<group>";
		};
		C17CB45328A9D21A00FE54F3 = {
			isa = PBXGroup;
			children = (
				C17CB45E28A9D21A00FE54F3 /* ProyectoTwitter */,
				C17CB45D28A9D21A00FE54F3 /* Products */,
				C17B709D28B5AC4E00AB9560 /* Frameworks */,
			);
			sourceTree = "<group>";
		};
		C17CB45D28A9D21A00FE54F3 /* Products */ = {
			isa = PBXGroup;
			children = (
				C17CB45C28A9D21A00FE54F3 /* ProyectoTwitter.app */,
			);
			name = Products;
			sourceTree = "<group>";
		};
		C17CB45E28A9D21A00FE54F3 /* ProyectoTwitter */ = {
			isa = PBXGroup;
			children = (
				C17CB47328A9D30C00FE54F3 /* App */,
				C17CB45F28A9D21A00FE54F3 /* AppDelegate.swift */,
				C17CB46128A9D21A00FE54F3 /* SceneDelegate.swift */,
				C17CB46A28A9D22000FE54F3 /* LaunchScreen.storyboard */,
				C17CB46D28A9D22000FE54F3 /* Info.plist */,
			);
			path = ProyectoTwitter;
			sourceTree = "<group>";
		};
		C17CB47328A9D30C00FE54F3 /* App */ = {
			isa = PBXGroup;
			children = (
				C122C84A28BED98000C3F03B /* ImagesProyect */,
				C17CB47428A9D31800FE54F3 /* ViewsAndControllers */,
				C17CB47728A9D33F00FE54F3 /* Commands */,
				C17CB47528A9D32F00FE54F3 /* Models */,
				C17CB47928A9D35800FE54F3 /* Config */,
				C17CB47628A9D33700FE54F3 /* Resources */,
			);
			path = App;
			sourceTree = "<group>";
		};
		C17CB47428A9D31800FE54F3 /* ViewsAndControllers */ = {
			isa = PBXGroup;
			children = (
				C16715AE28C4126F003D6402 /* Baby */,
				C16229DA28BC91F10028C03A /* Splash */,
				C17CB47E28A9D3AB00FE54F3 /* Main */,
				C17CB47A28A9D38A00FE54F3 /* Auth */,
			);
			path = ViewsAndControllers;
			sourceTree = "<group>";
		};
		C17CB47528A9D32F00FE54F3 /* Models */ = {
			isa = PBXGroup;
			children = (
				C17B70AE28B5B12800AB9560 /* Endpoints */,
				C17B70AD28B5B0FD00AB9560 /* Request */,
				C17B70AC28B5B0F700AB9560 /* Response */,
				C17B70AB28B5B0F100AB9560 /* Models */,
			);
			path = Models;
			sourceTree = "<group>";
		};
		C17CB47628A9D33700FE54F3 /* Resources */ = {
			isa = PBXGroup;
			children = (
				C17CB48328A9D45A00FE54F3 /* Assets */,
				C17CB48228A9D45500FE54F3 /* Colors */,
			);
			path = Resources;
			sourceTree = "<group>";
		};
		C17CB47728A9D33F00FE54F3 /* Commands */ = {
			isa = PBXGroup;
			children = (
				C17B709C28B5A1CA00AB9560 /* SharedData */,
			);
			path = Commands;
			sourceTree = "<group>";
		};
		C17CB47928A9D35800FE54F3 /* Config */ = {
			isa = PBXGroup;
			children = (
				C17CB48028A9D3CF00FE54F3 /* MyCustomView.swift */,
			);
			path = Config;
			sourceTree = "<group>";
		};
		C17CB47A28A9D38A00FE54F3 /* Auth */ = {
			isa = PBXGroup;
			children = (
				C17CB47D28A9D3A000FE54F3 /* SingIn */,
				C17CB47C28A9D39C00FE54F3 /* SingUp */,
				C17CB47B28A9D39000FE54F3 /* OnBoarding */,
			);
			path = Auth;
			sourceTree = "<group>";
		};
		C17CB47B28A9D39000FE54F3 /* OnBoarding */ = {
			isa = PBXGroup;
			children = (
				C17CB46528A9D21A00FE54F3 /* OnBoarding.storyboard */,
				C17CB46328A9D21A00FE54F3 /* OnBoardingViewController.swift */,
			);
			path = OnBoarding;
			sourceTree = "<group>";
		};
		C17CB47C28A9D39C00FE54F3 /* SingUp */ = {
			isa = PBXGroup;
			children = (
				C17CB48928A9D52D00FE54F3 /* SingUpViewController.swift */,
				C17CB48E28A9D5AE00FE54F3 /* SingUp.storyboard */,
			);
			path = SingUp;
			sourceTree = "<group>";
		};
		C17CB47D28A9D3A000FE54F3 /* SingIn */ = {
			isa = PBXGroup;
			children = (
				C17CB48728A9D52100FE54F3 /* SingInViewController.swift */,
				C17CB48C28A9D5A200FE54F3 /* SingIn.storyboard */,
			);
			path = SingIn;
			sourceTree = "<group>";
		};
		C17CB47E28A9D3AB00FE54F3 /* Main */ = {
			isa = PBXGroup;
			children = (
				C1CD346F28B1F8F100763C6E /* Add */,
				C1CD346428B1F7A500763C6E /* Profile */,
				C1CD346328B1F79F00763C6E /* Map */,
				C1CD346228B1F79700763C6E /* Star */,
				C1CD346128B1F78F00763C6E /* Home */,
				C17CB47F28A9D3B700FE54F3 /* Main */,
			);
			path = Main;
			sourceTree = "<group>";
		};
		C17CB47F28A9D3B700FE54F3 /* Main */ = {
			isa = PBXGroup;
			children = (
				C17CB49128A9D6E500FE54F3 /* Main.storyboard */,
				C1CD345F28B1C31600763C6E /* MainTabBarViewController.swift */,
			);
			path = Main;
			sourceTree = "<group>";
		};
		C17CB48228A9D45500FE54F3 /* Colors */ = {
			isa = PBXGroup;
			children = (
				C17CB48528A9D47800FE54F3 /* Media.xcassets */,
			);
			path = Colors;
			sourceTree = "<group>";
		};
		C17CB48328A9D45A00FE54F3 /* Assets */ = {
			isa = PBXGroup;
			children = (
				C17CB46828A9D22000FE54F3 /* Assets.xcassets */,
			);
			path = Assets;
			sourceTree = "<group>";
		};
		C19DA4D328BFF26B00AA3BD1 /* Game */ = {
			isa = PBXGroup;
			children = (
				C19DA4D428BFF27F00AA3BD1 /* GameViewController.swift */,
				C19DA4D828BFFFD700AA3BD1 /* Game.storyboard */,
			);
			path = Game;
			sourceTree = "<group>";
		};
		C1AF2A4928B9A5E3002E6792 /* Cells */ = {
			isa = PBXGroup;
			children = (
				C1AF2A4A28B9A609002E6792 /* MainOneTableViewCell.swift */,
				C1AF2A4B28B9A609002E6792 /* MainOneTableViewCell.xib */,
			);
			path = Cells;
			sourceTree = "<group>";
		};
		C1CD346128B1F78F00763C6E /* Home */ = {
			isa = PBXGroup;
			children = (
				C1AF2A4928B9A5E3002E6792 /* Cells */,
				C1CD346528B1F7F000763C6E /* Home.storyboard */,
				C1CD347028B1F93100763C6E /* HomeViewController.swift */,
			);
			path = Home;
			sourceTree = "<group>";
		};
		C1CD346228B1F79700763C6E /* Star */ = {
			isa = PBXGroup;
			children = (
				C16229D228BC720B0028C03A /* Projects */,
				C1CD346728B1F80800763C6E /* Star.storyboard */,
				C1CD347228B1F94200763C6E /* StarViewController.swift */,
			);
			path = Star;
			sourceTree = "<group>";
		};
		C1CD346328B1F79F00763C6E /* Map */ = {
			isa = PBXGroup;
			children = (
				C1CD346B28B1F84C00763C6E /* Map.storyboard */,
				C1CD347528B1F95500763C6E /* MapViewController.swift */,
			);
			path = Map;
			sourceTree = "<group>";
		};
		C1CD346428B1F7A500763C6E /* Profile */ = {
			isa = PBXGroup;
			children = (
				C1CD346D28B1F86600763C6E /* Profile.storyboard */,
				C1CD347828B1F96E00763C6E /* ProfileViewController.swift */,
			);
			path = Profile;
			sourceTree = "<group>";
		};
		C1CD346F28B1F8F100763C6E /* Add */ = {
			isa = PBXGroup;
			children = (
				C1CD346928B1F83100763C6E /* Add.storyboard */,
				C1CD347A28B1F97F00763C6E /* AddViewController.swift */,
			);
			path = Add;
			sourceTree = "<group>";
		};
/* End PBXGroup section */

/* Begin PBXNativeTarget section */
		C17CB45B28A9D21A00FE54F3 /* ProyectoTwitter */ = {
			isa = PBXNativeTarget;
			buildConfigurationList = C17CB47028A9D22000FE54F3 /* Build configuration list for PBXNativeTarget "ProyectoTwitter" */;
			buildPhases = (
				C17CB45828A9D21A00FE54F3 /* Sources */,
				C17CB45928A9D21A00FE54F3 /* Frameworks */,
				C17CB45A28A9D21A00FE54F3 /* Resources */,
				C17B70AA28B5AC4F00AB9560 /* Embed Frameworks */,
			);
			buildRules = (
			);
			dependencies = (
			);
			name = ProyectoTwitter;
			productName = ProyectoTwitter;
			productReference = C17CB45C28A9D21A00FE54F3 /* ProyectoTwitter.app */;
			productType = "com.apple.product-type.application";
		};
/* End PBXNativeTarget section */

/* Begin PBXProject section */
		C17CB45428A9D21A00FE54F3 /* Project object */ = {
			isa = PBXProject;
			attributes = {
				BuildIndependentTargetsInParallel = 1;
				LastSwiftUpdateCheck = 1340;
				LastUpgradeCheck = 1340;
				TargetAttributes = {
					C17CB45B28A9D21A00FE54F3 = {
						CreatedOnToolsVersion = 13.4.1;
					};
				};
			};
			buildConfigurationList = C17CB45728A9D21A00FE54F3 /* Build configuration list for PBXProject "ProyectoTwitter" */;
			compatibilityVersion = "Xcode 13.0";
			developmentRegion = en;
			hasScannedForEncodings = 0;
			knownRegions = (
				en,
				Base,
			);
			mainGroup = C17CB45328A9D21A00FE54F3;
			productRefGroup = C17CB45D28A9D21A00FE54F3 /* Products */;
			projectDirPath = "";
			projectRoot = "";
			targets = (
				C17CB45B28A9D21A00FE54F3 /* ProyectoTwitter */,
			);
		};
/* End PBXProject section */

/* Begin PBXResourcesBuildPhase section */
		C17CB45A28A9D21A00FE54F3 /* Resources */ = {
			isa = PBXResourcesBuildPhase;
			buildActionMask = 2147483647;
			files = (
				C17CB49228A9D6E500FE54F3 /* Main.storyboard in Resources */,
				C16715EE28C41865003D6402 /* StudentRegister.storyboard in Resources */,
				C188669128C2AEE100C51D7C /* 2.jpg in Resources */,
				C16715D828C417D8003D6402 /* ScanQR.storyboard in Resources */,
				C188669528C2AEE100C51D7C /* 8.jpg in Resources */,
				C167160828C41922003D6402 /* InstructorList.storyboard in Resources */,
				C188669028C2AEE100C51D7C /* 9.jpg in Resources */,
				C188668F28C2AEE100C51D7C /* 4.jpg in Resources */,
				C16715D128C417A5003D6402 /* SplashBaby.storyboard in Resources */,
				C167161028C41947003D6402 /* Monitor.storyboard in Resources */,
				C1CD346828B1F80800763C6E /* Star.storyboard in Resources */,
				C16715DE28C417FD003D6402 /* Logbook.storyboard in Resources */,
				C16715E028C4180B003D6402 /* Results.storyboard in Resources */,
				C16715FC28C418AD003D6402 /* Settings.storyboard in Resources */,
				C1CD346A28B1F83100763C6E /* Add.storyboard in Resources */,
				C17CB48F28A9D5AF00FE54F3 /* SingUp.storyboard in Resources */,
				C16715D428C417BE003D6402 /* MainBaby.storyboard in Resources */,
				C188668D28C2AEE100C51D7C /* 3.jpg in Resources */,
				C188668E28C2AEE100C51D7C /* 1.JPG in Resources */,
				C17CB46C28A9D22000FE54F3 /* LaunchScreen.storyboard in Resources */,
				C16715E228C4181A003D6402 /* Certificado.storyboard in Resources */,
				C16229D928BC87B00028C03A /* PinCode.storyboard in Resources */,
				C188669428C2AEE100C51D7C /* 5.jpg in Resources */,
				C167160C28C41935003D6402 /* InstructorRegister.storyboard in Resources */,
				C16715E828C4183C003D6402 /* Help.storyboard in Resources */,
				C188669228C2AEE100C51D7C /* 10.jpg in Resources */,
				C19DA4D928BFFFD700AA3BD1 /* Game.storyboard in Resources */,
				C16715EA28C4184E003D6402 /* StudentList.storyboard in Resources */,
				C17CB46928A9D22000FE54F3 /* Assets.xcassets in Resources */,
				C1CD346E28B1F86600763C6E /* Profile.storyboard in Resources */,
				C16715FE28C418B7003D6402 /* Calibration.storyboard in Resources */,
				C188668C28C2AEE100C51D7C /* 7.jpg in Resources */,
				C16229DE28BC98590028C03A /* Splash.storyboard in Resources */,
				C1AF2A4D28B9A609002E6792 /* MainOneTableViewCell.xib in Resources */,
				C17CB48628A9D47800FE54F3 /* Media.xcassets in Resources */,
				C1CD346C28B1F84C00763C6E /* Map.storyboard in Resources */,
				C16715D628C417CC003D6402 /* Login.storyboard in Resources */,
				C16715DC28C417EF003D6402 /* ProfileBaby.storyboard in Resources */,
				C16715F428C41881003D6402 /* StudentDetails.storyboard in Resources */,
				C17CB46728A9D21A00FE54F3 /* OnBoarding.storyboard in Resources */,
				C16715F628C4188B003D6402 /* Simulator.storyboard in Resources */,
				C17CB48D28A9D5A200FE54F3 /* SingIn.storyboard in Resources */,
				C188669328C2AEE100C51D7C /* 6.jpg in Resources */,
				C1CD346628B1F7F000763C6E /* Home.storyboard in Resources */,
				C167160428C4190F003D6402 /* Support.storyboard in Resources */,
				C16715DA28C417E4003D6402 /* OwnerRegister.storyboard in Resources */,
			);
			runOnlyForDeploymentPostprocessing = 0;
		};
/* End PBXResourcesBuildPhase section */

/* Begin PBXSourcesBuildPhase section */
		C17CB45828A9D21A00FE54F3 /* Sources */ = {
			isa = PBXSourcesBuildPhase;
			buildActionMask = 2147483647;
			files = (
				C1CD346028B1C31600763C6E /* MainTabBarViewController.swift in Sources */,
				C17CB48A28A9D52D00FE54F3 /* SingUpViewController.swift in Sources */,
				C17B70B428B5B25A00AB9560 /* ReqLogin.swift in Sources */,
				C17B70B028B5B16900AB9560 /* Endpoints.swift in Sources */,
				C17B70B928B5B2C900AB9560 /* User.swift in Sources */,
				C1CD347B28B1F97F00763C6E /* AddViewController.swift in Sources */,
				C17B70BB28B5B36700AB9560 /* ResError.swift in Sources */,
				C167161C28C41997003D6402 /* MainBabyViewController.swift in Sources */,
				C17B70BD28B5B40600AB9560 /* ReqRegister.swift in Sources */,
				C17B70B628B5B26700AB9560 /* ResLoginRegister.swift in Sources */,
				C167161828C4197E003D6402 /* OwnerRegisterViewController.swift in Sources */,
				C167160628C4191B003D6402 /* InstructorListViewController.swift in Sources */,
				C17CB46428A9D21A00FE54F3 /* OnBoardingViewController.swift in Sources */,
				C16715F828C41897003D6402 /* SimulatorViewController.swift in Sources */,
				C16715EC28C41857003D6402 /* StudentListViewController.swift in Sources */,
				C17B70BF28B5B48C00AB9560 /* ResIndexTweets.swift in Sources */,
				C1CD347628B1F95500763C6E /* MapViewController.swift in Sources */,
				C167160228C41908003D6402 /* SupportViewController.swift in Sources */,
				C16715F228C4187A003D6402 /* StudentDetailsViewController.swift in Sources */,
				C1AF2A4C28B9A609002E6792 /* MainOneTableViewCell.swift in Sources */,
				C167161628C41973003D6402 /* ProfileBabyViewController.swift in Sources */,
				C167161A28C4198D003D6402 /* ScanQRViewController.swift in Sources */,
				C19DA4D528BFF27F00AA3BD1 /* GameViewController.swift in Sources */,
				C17B70C328B5B5C100AB9560 /* ReqStoreTweet.swift in Sources */,
				C1A7A53028B5F94200CD4C36 /* DataSingleton.swift in Sources */,
				C1CD347128B1F93100763C6E /* HomeViewController.swift in Sources */,
				C167161E28C419A4003D6402 /* LoginViewController.swift in Sources */,
				C167160A28C4192C003D6402 /* InstructorRegisterViewController.swift in Sources */,
				C167161228C41956003D6402 /* ResultsViewController.swift in Sources */,
				C17CB48828A9D52100FE54F3 /* SingInViewController.swift in Sources */,
				C17B70C128B5B4BD00AB9560 /* Location.swift in Sources */,
				C1CD347928B1F96E00763C6E /* ProfileViewController.swift in Sources */,
				C167160028C418C0003D6402 /* CalibrationViewController.swift in Sources */,
				C16229DC28BC92090028C03A /* SplashViewController.swift in Sources */,
				C167160E28C41941003D6402 /* MonitorViewController.swift in Sources */,
				C17CB48128A9D3CF00FE54F3 /* MyCustomView.swift in Sources */,
				C16715E428C41828003D6402 /* CertificadoViewController.swift in Sources */,
				C17CB46028A9D21A00FE54F3 /* AppDelegate.swift in Sources */,
				C1CD347328B1F94200763C6E /* StarViewController.swift in Sources */,
				C17CB46228A9D21A00FE54F3 /* SceneDelegate.swift in Sources */,
				C16715FA28C418A3003D6402 /* SettingsViewController.swift in Sources */,
				C167162028C419B3003D6402 /* SplashBabyViewController.swift in Sources */,
				C167161428C41960003D6402 /* LogbookViewController.swift in Sources */,
				C16715F028C4186C003D6402 /* StudentRegisterViewController.swift in Sources */,
				C16229D528BC722F0028C03A /* PinCodeViewController.swift in Sources */,
				C17B70C528B5B6C300AB9560 /* ResDestroyTweet.swift in Sources */,
				C16715E628C41835003D6402 /* HelpViewController.swift in Sources */,
			);
			runOnlyForDeploymentPostprocessing = 0;
		};
/* End PBXSourcesBuildPhase section */

/* Begin PBXVariantGroup section */
		C17CB46528A9D21A00FE54F3 /* OnBoarding.storyboard */ = {
			isa = PBXVariantGroup;
			children = (
				C17CB46628A9D21A00FE54F3 /* Base */,
			);
			name = OnBoarding.storyboard;
			sourceTree = "<group>";
		};
		C17CB46A28A9D22000FE54F3 /* LaunchScreen.storyboard */ = {
			isa = PBXVariantGroup;
			children = (
				C17CB46B28A9D22000FE54F3 /* Base */,
			);
			name = LaunchScreen.storyboard;
			sourceTree = "<group>";
		};
/* End PBXVariantGroup section */

/* Begin XCBuildConfiguration section */
		C17CB46E28A9D22000FE54F3 /* Debug */ = {
			isa = XCBuildConfiguration;
			buildSettings = {
				ALWAYS_SEARCH_USER_PATHS = NO;
				CLANG_ANALYZER_NONNULL = YES;
				CLANG_ANALYZER_NUMBER_OBJECT_CONVERSION = YES_AGGRESSIVE;
				CLANG_CXX_LANGUAGE_STANDARD = "gnu++17";
				CLANG_ENABLE_MODULES = YES;
				CLANG_ENABLE_OBJC_ARC = YES;
				CLANG_ENABLE_OBJC_WEAK = YES;
				CLANG_WARN_BLOCK_CAPTURE_AUTORELEASING = YES;
				CLANG_WARN_BOOL_CONVERSION = YES;
				CLANG_WARN_COMMA = YES;
				CLANG_WARN_CONSTANT_CONVERSION = YES;
				CLANG_WARN_DEPRECATED_OBJC_IMPLEMENTATIONS = YES;
				CLANG_WARN_DIRECT_OBJC_ISA_USAGE = YES_ERROR;
				CLANG_WARN_DOCUMENTATION_COMMENTS = YES;
				CLANG_WARN_EMPTY_BODY = YES;
				CLANG_WARN_ENUM_CONVERSION = YES;
				CLANG_WARN_INFINITE_RECURSION = YES;
				CLANG_WARN_INT_CONVERSION = YES;
				CLANG_WARN_NON_LITERAL_NULL_CONVERSION = YES;
				CLANG_WARN_OBJC_IMPLICIT_RETAIN_SELF = YES;
				CLANG_WARN_OBJC_LITERAL_CONVERSION = YES;
				CLANG_WARN_OBJC_ROOT_CLASS = YES_ERROR;
				CLANG_WARN_QUOTED_INCLUDE_IN_FRAMEWORK_HEADER = YES;
				CLANG_WARN_RANGE_LOOP_ANALYSIS = YES;
				CLANG_WARN_STRICT_PROTOTYPES = YES;
				CLANG_WARN_SUSPICIOUS_MOVE = YES;
				CLANG_WARN_UNGUARDED_AVAILABILITY = YES_AGGRESSIVE;
				CLANG_WARN_UNREACHABLE_CODE = YES;
				CLANG_WARN__DUPLICATE_METHOD_MATCH = YES;
				COPY_PHASE_STRIP = NO;
				DEBUG_INFORMATION_FORMAT = dwarf;
				ENABLE_STRICT_OBJC_MSGSEND = YES;
				ENABLE_TESTABILITY = YES;
				GCC_C_LANGUAGE_STANDARD = gnu11;
				GCC_DYNAMIC_NO_PIC = NO;
				GCC_NO_COMMON_BLOCKS = YES;
				GCC_OPTIMIZATION_LEVEL = 0;
				GCC_PREPROCESSOR_DEFINITIONS = (
					"DEBUG=1",
					"$(inherited)",
				);
				GCC_WARN_64_TO_32_BIT_CONVERSION = YES;
				GCC_WARN_ABOUT_RETURN_TYPE = YES_ERROR;
				GCC_WARN_UNDECLARED_SELECTOR = YES;
				GCC_WARN_UNINITIALIZED_AUTOS = YES_AGGRESSIVE;
				GCC_WARN_UNUSED_FUNCTION = YES;
				GCC_WARN_UNUSED_VARIABLE = YES;
				IPHONEOS_DEPLOYMENT_TARGET = 15.5;
				MTL_ENABLE_DEBUG_INFO = INCLUDE_SOURCE;
				MTL_FAST_MATH = YES;
				ONLY_ACTIVE_ARCH = YES;
				SDKROOT = iphoneos;
				SWIFT_ACTIVE_COMPILATION_CONDITIONS = DEBUG;
				SWIFT_OPTIMIZATION_LEVEL = "-Onone";
			};
			name = Debug;
		};
		C17CB46F28A9D22000FE54F3 /* Release */ = {
			isa = XCBuildConfiguration;
			buildSettings = {
				ALWAYS_SEARCH_USER_PATHS = NO;
				CLANG_ANALYZER_NONNULL = YES;
				CLANG_ANALYZER_NUMBER_OBJECT_CONVERSION = YES_AGGRESSIVE;
				CLANG_CXX_LANGUAGE_STANDARD = "gnu++17";
				CLANG_ENABLE_MODULES = YES;
				CLANG_ENABLE_OBJC_ARC = YES;
				CLANG_ENABLE_OBJC_WEAK = YES;
				CLANG_WARN_BLOCK_CAPTURE_AUTORELEASING = YES;
				CLANG_WARN_BOOL_CONVERSION = YES;
				CLANG_WARN_COMMA = YES;
				CLANG_WARN_CONSTANT_CONVERSION = YES;
				CLANG_WARN_DEPRECATED_OBJC_IMPLEMENTATIONS = YES;
				CLANG_WARN_DIRECT_OBJC_ISA_USAGE = YES_ERROR;
				CLANG_WARN_DOCUMENTATION_COMMENTS = YES;
				CLANG_WARN_EMPTY_BODY = YES;
				CLANG_WARN_ENUM_CONVERSION = YES;
				CLANG_WARN_INFINITE_RECURSION = YES;
				CLANG_WARN_INT_CONVERSION = YES;
				CLANG_WARN_NON_LITERAL_NULL_CONVERSION = YES;
				CLANG_WARN_OBJC_IMPLICIT_RETAIN_SELF = YES;
				CLANG_WARN_OBJC_LITERAL_CONVERSION = YES;
				CLANG_WARN_OBJC_ROOT_CLASS = YES_ERROR;
				CLANG_WARN_QUOTED_INCLUDE_IN_FRAMEWORK_HEADER = YES;
				CLANG_WARN_RANGE_LOOP_ANALYSIS = YES;
				CLANG_WARN_STRICT_PROTOTYPES = YES;
				CLANG_WARN_SUSPICIOUS_MOVE = YES;
				CLANG_WARN_UNGUARDED_AVAILABILITY = YES_AGGRESSIVE;
				CLANG_WARN_UNREACHABLE_CODE = YES;
				CLANG_WARN__DUPLICATE_METHOD_MATCH = YES;
				COPY_PHASE_STRIP = NO;
				DEBUG_INFORMATION_FORMAT = "dwarf-with-dsym";
				ENABLE_NS_ASSERTIONS = NO;
				ENABLE_STRICT_OBJC_MSGSEND = YES;
				GCC_C_LANGUAGE_STANDARD = gnu11;
				GCC_NO_COMMON_BLOCKS = YES;
				GCC_WARN_64_TO_32_BIT_CONVERSION = YES;
				GCC_WARN_ABOUT_RETURN_TYPE = YES_ERROR;
				GCC_WARN_UNDECLARED_SELECTOR = YES;
				GCC_WARN_UNINITIALIZED_AUTOS = YES_AGGRESSIVE;
				GCC_WARN_UNUSED_FUNCTION = YES;
				GCC_WARN_UNUSED_VARIABLE = YES;
				IPHONEOS_DEPLOYMENT_TARGET = 15.5;
				MTL_ENABLE_DEBUG_INFO = NO;
				MTL_FAST_MATH = YES;
				SDKROOT = iphoneos;
				SWIFT_COMPILATION_MODE = wholemodule;
				SWIFT_OPTIMIZATION_LEVEL = "-O";
				VALIDATE_PRODUCT = YES;
			};
			name = Release;
		};
		C17CB47128A9D22000FE54F3 /* Debug */ = {
			isa = XCBuildConfiguration;
			buildSettings = {
				ASSETCATALOG_COMPILER_APPICON_NAME = AppIcon;
				ASSETCATALOG_COMPILER_GLOBAL_ACCENT_COLOR_NAME = AccentColor;
				CODE_SIGN_STYLE = Automatic;
				CURRENT_PROJECT_VERSION = 1;
				DEVELOPMENT_TEAM = 269NMMFH34;
				GENERATE_INFOPLIST_FILE = YES;
				INFOPLIST_FILE = ProyectoTwitter/Info.plist;
				INFOPLIST_KEY_UIApplicationSupportsIndirectInputEvents = YES;
				INFOPLIST_KEY_UILaunchStoryboardName = LaunchScreen;
				INFOPLIST_KEY_UIMainStoryboardFile = Splash;
				INFOPLIST_KEY_UISupportedInterfaceOrientations = UIInterfaceOrientationPortrait;
				INFOPLIST_KEY_UISupportedInterfaceOrientations_iPad = "UIInterfaceOrientationPortrait UIInterfaceOrientationPortraitUpsideDown";
				INFOPLIST_KEY_UISupportedInterfaceOrientations_iPhone = "UIInterfaceOrientationPortrait UIInterfaceOrientationPortraitUpsideDown";
				IPHONEOS_DEPLOYMENT_TARGET = 14.0;
				LD_RUNPATH_SEARCH_PATHS = (
					"$(inherited)",
					"@executable_path/Frameworks",
				);
				MARKETING_VERSION = 1.0;
				PRODUCT_BUNDLE_IDENTIFIER = Solidusystems.ProyectoTwitter;
				PRODUCT_NAME = "$(TARGET_NAME)";
				SWIFT_EMIT_LOC_STRINGS = YES;
				SWIFT_VERSION = 5.0;
				TARGETED_DEVICE_FAMILY = 1;
			};
			name = Debug;
		};
		C17CB47228A9D22000FE54F3 /* Release */ = {
			isa = XCBuildConfiguration;
			buildSettings = {
				ASSETCATALOG_COMPILER_APPICON_NAME = AppIcon;
				ASSETCATALOG_COMPILER_GLOBAL_ACCENT_COLOR_NAME = AccentColor;
				CODE_SIGN_STYLE = Automatic;
				CURRENT_PROJECT_VERSION = 1;
				DEVELOPMENT_TEAM = 269NMMFH34;
				GENERATE_INFOPLIST_FILE = YES;
				INFOPLIST_FILE = ProyectoTwitter/Info.plist;
				INFOPLIST_KEY_UIApplicationSupportsIndirectInputEvents = YES;
				INFOPLIST_KEY_UILaunchStoryboardName = LaunchScreen;
				INFOPLIST_KEY_UIMainStoryboardFile = Splash;
				INFOPLIST_KEY_UISupportedInterfaceOrientations = UIInterfaceOrientationPortrait;
				INFOPLIST_KEY_UISupportedInterfaceOrientations_iPad = "UIInterfaceOrientationPortrait UIInterfaceOrientationPortraitUpsideDown";
				INFOPLIST_KEY_UISupportedInterfaceOrientations_iPhone = "UIInterfaceOrientationPortrait UIInterfaceOrientationPortraitUpsideDown";
				IPHONEOS_DEPLOYMENT_TARGET = 14.0;
				LD_RUNPATH_SEARCH_PATHS = (
					"$(inherited)",
					"@executable_path/Frameworks",
				);
				MARKETING_VERSION = 1.0;
				PRODUCT_BUNDLE_IDENTIFIER = Solidusystems.ProyectoTwitter;
				PRODUCT_NAME = "$(TARGET_NAME)";
				SWIFT_EMIT_LOC_STRINGS = YES;
				SWIFT_VERSION = 5.0;
				TARGETED_DEVICE_FAMILY = 1;
			};
			name = Release;
		};
/* End XCBuildConfiguration section */

/* Begin XCConfigurationList section */
		C17CB45728A9D21A00FE54F3 /* Build configuration list for PBXProject "ProyectoTwitter" */ = {
			isa = XCConfigurationList;
			buildConfigurations = (
				C17CB46E28A9D22000FE54F3 /* Debug */,
				C17CB46F28A9D22000FE54F3 /* Release */,
			);
			defaultConfigurationIsVisible = 0;
			defaultConfigurationName = Release;
		};
		C17CB47028A9D22000FE54F3 /* Build configuration list for PBXNativeTarget "ProyectoTwitter" */ = {
			isa = XCConfigurationList;
			buildConfigurations = (
				C17CB47128A9D22000FE54F3 /* Debug */,
				C17CB47228A9D22000FE54F3 /* Release */,
			);
			defaultConfigurationIsVisible = 0;
			defaultConfigurationName = Release;
		};
/* End XCConfigurationList section */
	};
	rootObject = C17CB45428A9D21A00FE54F3 /* Project object */;
}
