// !$*UTF8*$!
{
	archiveVersion = 1;
	classes = {
	};
	objectVersion = 55;
	objects = {

/* Begin PBXBuildFile section */
		C17CB46028A9D21A00FE54F3 /* AppDelegate.swift in Sources */ = {isa = PBXBuildFile; fileRef = C17CB45F28A9D21A00FE54F3 /* AppDelegate.swift */; };
		C17CB46228A9D21A00FE54F3 /* SceneDelegate.swift in Sources */ = {isa = PBXBuildFile; fileRef = C17CB46128A9D21A00FE54F3 /* SceneDelegate.swift */; };
		C17CB46428A9D21A00FE54F3 /* ViewController.swift in Sources */ = {isa = PBXBuildFile; fileRef = C17CB46328A9D21A00FE54F3 /* ViewController.swift */; };
		C17CB46728A9D21A00FE54F3 /* Main.storyboard in Resources */ = {isa = PBXBuildFile; fileRef = C17CB46528A9D21A00FE54F3 /* Main.storyboard */; };
		C17CB46928A9D22000FE54F3 /* Assets.xcassets in Resources */ = {isa = PBXBuildFile; fileRef = C17CB46828A9D22000FE54F3 /* Assets.xcassets */; };
		C17CB46C28A9D22000FE54F3 /* LaunchScreen.storyboard in Resources */ = {isa = PBXBuildFile; fileRef = C17CB46A28A9D22000FE54F3 /* LaunchScreen.storyboard */; };
		C17CB48128A9D3CF00FE54F3 /* MyCustomView.swift in Sources */ = {isa = PBXBuildFile; fileRef = C17CB48028A9D3CF00FE54F3 /* MyCustomView.swift */; };
/* End PBXBuildFile section */

/* Begin PBXFileReference section */
		C17CB45C28A9D21A00FE54F3 /* ProyectoTwitter.app */ = {isa = PBXFileReference; explicitFileType = wrapper.application; includeInIndex = 0; path = ProyectoTwitter.app; sourceTree = BUILT_PRODUCTS_DIR; };
		C17CB45F28A9D21A00FE54F3 /* AppDelegate.swift */ = {isa = PBXFileReference; lastKnownFileType = sourcecode.swift; path = AppDelegate.swift; sourceTree = "<group>"; };
		C17CB46128A9D21A00FE54F3 /* SceneDelegate.swift */ = {isa = PBXFileReference; lastKnownFileType = sourcecode.swift; path = SceneDelegate.swift; sourceTree = "<group>"; };
		C17CB46328A9D21A00FE54F3 /* ViewController.swift */ = {isa = PBXFileReference; lastKnownFileType = sourcecode.swift; path = ViewController.swift; sourceTree = "<group>"; };
		C17CB46628A9D21A00FE54F3 /* Base */ = {isa = PBXFileReference; lastKnownFileType = file.storyboard; name = Base; path = Base.lproj/Main.storyboard; sourceTree = "<group>"; };
		C17CB46828A9D22000FE54F3 /* Assets.xcassets */ = {isa = PBXFileReference; lastKnownFileType = folder.assetcatalog; path = Assets.xcassets; sourceTree = "<group>"; };
		C17CB46B28A9D22000FE54F3 /* Base */ = {isa = PBXFileReference; lastKnownFileType = file.storyboard; name = Base; path = Base.lproj/LaunchScreen.storyboard; sourceTree = "<group>"; };
		C17CB46D28A9D22000FE54F3 /* Info.plist */ = {isa = PBXFileReference; lastKnownFileType = text.plist.xml; path = Info.plist; sourceTree = "<group>"; };
		C17CB48028A9D3CF00FE54F3 /* MyCustomView.swift */ = {isa = PBXFileReference; lastKnownFileType = sourcecode.swift; path = MyCustomView.swift; sourceTree = "<group>"; };
/* End PBXFileReference section */

/* Begin PBXFrameworksBuildPhase section */
		C17CB45928A9D21A00FE54F3 /* Frameworks */ = {
			isa = PBXFrameworksBuildPhase;
			buildActionMask = 2147483647;
			files = (
			);
			runOnlyForDeploymentPostprocessing = 0;
		};
/* End PBXFrameworksBuildPhase section */

/* Begin PBXGroup section */
		C17CB45328A9D21A00FE54F3 = {
			isa = PBXGroup;
			children = (
				C17CB45E28A9D21A00FE54F3 /* ProyectoTwitter */,
				C17CB45D28A9D21A00FE54F3 /* Products */,
			);
			sourceTree = "<group>";
		};
		C17CB45D28A9D21A00FE54F3 /* Products */ = {
			isa = PBXGroup;
			children = (
				C17CB45C28A9D21A00FE54F3 /* ProyectoTwitter.app */,
			);
			name = Products;
			sourceTree = "<group>";
		};
		C17CB45E28A9D21A00FE54F3 /* ProyectoTwitter */ = {
			isa = PBXGroup;
			children = (
				C17CB47328A9D30C00FE54F3 /* App */,
				C17CB45F28A9D21A00FE54F3 /* AppDelegate.swift */,
				C17CB46128A9D21A00FE54F3 /* SceneDelegate.swift */,
				C17CB46328A9D21A00FE54F3 /* ViewController.swift */,
				C17CB46528A9D21A00FE54F3 /* Main.storyboard */,
				C17CB46828A9D22000FE54F3 /* Assets.xcassets */,
				C17CB46A28A9D22000FE54F3 /* LaunchScreen.storyboard */,
				C17CB46D28A9D22000FE54F3 /* Info.plist */,
			);
			path = ProyectoTwitter;
			sourceTree = "<group>";
		};
		C17CB47328A9D30C00FE54F3 /* App */ = {
			isa = PBXGroup;
			children = (
				C17CB47428A9D31800FE54F3 /* ViewsAndControllers */,
				C17CB47928A9D35800FE54F3 /* Config */,
				C17CB47828A9D34800FE54F3 /* Services */,
				C17CB47728A9D33F00FE54F3 /* Commands */,
				C17CB47628A9D33700FE54F3 /* Resources */,
				C17CB47528A9D32F00FE54F3 /* Models */,
			);
			path = App;
			sourceTree = "<group>";
		};
		C17CB47428A9D31800FE54F3 /* ViewsAndControllers */ = {
			isa = PBXGroup;
			children = (
				C17CB47E28A9D3AB00FE54F3 /* Main */,
				C17CB47A28A9D38A00FE54F3 /* Auth */,
			);
			path = ViewsAndControllers;
			sourceTree = "<group>";
		};
		C17CB47528A9D32F00FE54F3 /* Models */ = {
			isa = PBXGroup;
			children = (
			);
			path = Models;
			sourceTree = "<group>";
		};
		C17CB47628A9D33700FE54F3 /* Resources */ = {
			isa = PBXGroup;
			children = (
			);
			path = Resources;
			sourceTree = "<group>";
		};
		C17CB47728A9D33F00FE54F3 /* Commands */ = {
			isa = PBXGroup;
			children = (
			);
			path = Commands;
			sourceTree = "<group>";
		};
		C17CB47828A9D34800FE54F3 /* Services */ = {
			isa = PBXGroup;
			children = (
			);
			path = Services;
			sourceTree = "<group>";
		};
		C17CB47928A9D35800FE54F3 /* Config */ = {
			isa = PBXGroup;
			children = (
				C17CB48028A9D3CF00FE54F3 /* MyCustomView.swift */,
			);
			path = Config;
			sourceTree = "<group>";
		};
		C17CB47A28A9D38A00FE54F3 /* Auth */ = {
			isa = PBXGroup;
			children = (
				C17CB47D28A9D3A000FE54F3 /* Register */,
				C17CB47C28A9D39C00FE54F3 /* Login */,
				C17CB47B28A9D39000FE54F3 /* OnBoarding */,
			);
			path = Auth;
			sourceTree = "<group>";
		};
		C17CB47B28A9D39000FE54F3 /* OnBoarding */ = {
			isa = PBXGroup;
			children = (
			);
			path = OnBoarding;
			sourceTree = "<group>";
		};
		C17CB47C28A9D39C00FE54F3 /* Login */ = {
			isa = PBXGroup;
			children = (
			);
			path = Login;
			sourceTree = "<group>";
		};
		C17CB47D28A9D3A000FE54F3 /* Register */ = {
			isa = PBXGroup;
			children = (
			);
			path = Register;
			sourceTree = "<group>";
		};
		C17CB47E28A9D3AB00FE54F3 /* Main */ = {
			isa = PBXGroup;
			children = (
				C17CB47F28A9D3B700FE54F3 /* Main */,
			);
			path = Main;
			sourceTree = "<group>";
		};
		C17CB47F28A9D3B700FE54F3 /* Main */ = {
			isa = PBXGroup;
			children = (
			);
			path = Main;
			sourceTree = "<group>";
		};
/* End PBXGroup section */

/* Begin PBXNativeTarget section */
		C17CB45B28A9D21A00FE54F3 /* ProyectoTwitter */ = {
			isa = PBXNativeTarget;
			buildConfigurationList = C17CB47028A9D22000FE54F3 /* Build configuration list for PBXNativeTarget "ProyectoTwitter" */;
			buildPhases = (
				C17CB45828A9D21A00FE54F3 /* Sources */,
				C17CB45928A9D21A00FE54F3 /* Frameworks */,
				C17CB45A28A9D21A00FE54F3 /* Resources */,
			);
			buildRules = (
			);
			dependencies = (
			);
			name = ProyectoTwitter;
			productName = ProyectoTwitter;
			productReference = C17CB45C28A9D21A00FE54F3 /* ProyectoTwitter.app */;
			productType = "com.apple.product-type.application";
		};
/* End PBXNativeTarget section */

/* Begin PBXProject section */
		C17CB45428A9D21A00FE54F3 /* Project object */ = {
			isa = PBXProject;
			attributes = {
				BuildIndependentTargetsInParallel = 1;
				LastSwiftUpdateCheck = 1340;
				LastUpgradeCheck = 1340;
				TargetAttributes = {
					C17CB45B28A9D21A00FE54F3 = {
						CreatedOnToolsVersion = 13.4.1;
					};
				};
			};
			buildConfigurationList = C17CB45728A9D21A00FE54F3 /* Build configuration list for PBXProject "ProyectoTwitter" */;
			compatibilityVersion = "Xcode 13.0";
			developmentRegion = en;
			hasScannedForEncodings = 0;
			knownRegions = (
				en,
				Base,
			);
			mainGroup = C17CB45328A9D21A00FE54F3;
			productRefGroup = C17CB45D28A9D21A00FE54F3 /* Products */;
			projectDirPath = "";
			projectRoot = "";
			targets = (
				C17CB45B28A9D21A00FE54F3 /* ProyectoTwitter */,
			);
		};
/* End PBXProject section */

/* Begin PBXResourcesBuildPhase section */
		C17CB45A28A9D21A00FE54F3 /* Resources */ = {
			isa = PBXResourcesBuildPhase;
			buildActionMask = 2147483647;
			files = (
				C17CB46C28A9D22000FE54F3 /* LaunchScreen.storyboard in Resources */,
				C17CB46928A9D22000FE54F3 /* Assets.xcassets in Resources */,
				C17CB46728A9D21A00FE54F3 /* Main.storyboard in Resources */,
			);
			runOnlyForDeploymentPostprocessing = 0;
		};
/* End PBXResourcesBuildPhase section */

/* Begin PBXSourcesBuildPhase section */
		C17CB45828A9D21A00FE54F3 /* Sources */ = {
			isa = PBXSourcesBuildPhase;
			buildActionMask = 2147483647;
			files = (
				C17CB46428A9D21A00FE54F3 /* ViewController.swift in Sources */,
				C17CB48128A9D3CF00FE54F3 /* MyCustomView.swift in Sources */,
				C17CB46028A9D21A00FE54F3 /* AppDelegate.swift in Sources */,
				C17CB46228A9D21A00FE54F3 /* SceneDelegate.swift in Sources */,
			);
			runOnlyForDeploymentPostprocessing = 0;
		};
/* End PBXSourcesBuildPhase section */

/* Begin PBXVariantGroup section */
		C17CB46528A9D21A00FE54F3 /* Main.storyboard */ = {
			isa = PBXVariantGroup;
			children = (
				C17CB46628A9D21A00FE54F3 /* Base */,
			);
			name = Main.storyboard;
			sourceTree = "<group>";
		};
		C17CB46A28A9D22000FE54F3 /* LaunchScreen.storyboard */ = {
			isa = PBXVariantGroup;
			children = (
				C17CB46B28A9D22000FE54F3 /* Base */,
			);
			name = LaunchScreen.storyboard;
			sourceTree = "<group>";
		};
/* End PBXVariantGroup section */

/* Begin XCBuildConfiguration section */
		C17CB46E28A9D22000FE54F3 /* Debug */ = {
			isa = XCBuildConfiguration;
			buildSettings = {
				ALWAYS_SEARCH_USER_PATHS = NO;
				CLANG_ANALYZER_NONNULL = YES;
				CLANG_ANALYZER_NUMBER_OBJECT_CONVERSION = YES_AGGRESSIVE;
				CLANG_CXX_LANGUAGE_STANDARD = "gnu++17";
				CLANG_ENABLE_MODULES = YES;
				CLANG_ENABLE_OBJC_ARC = YES;
				CLANG_ENABLE_OBJC_WEAK = YES;
				CLANG_WARN_BLOCK_CAPTURE_AUTORELEASING = YES;
				CLANG_WARN_BOOL_CONVERSION = YES;
				CLANG_WARN_COMMA = YES;
				CLANG_WARN_CONSTANT_CONVERSION = YES;
				CLANG_WARN_DEPRECATED_OBJC_IMPLEMENTATIONS = YES;
				CLANG_WARN_DIRECT_OBJC_ISA_USAGE = YES_ERROR;
				CLANG_WARN_DOCUMENTATION_COMMENTS = YES;
				CLANG_WARN_EMPTY_BODY = YES;
				CLANG_WARN_ENUM_CONVERSION = YES;
				CLANG_WARN_INFINITE_RECURSION = YES;
				CLANG_WARN_INT_CONVERSION = YES;
				CLANG_WARN_NON_LITERAL_NULL_CONVERSION = YES;
				CLANG_WARN_OBJC_IMPLICIT_RETAIN_SELF = YES;
				CLANG_WARN_OBJC_LITERAL_CONVERSION = YES;
				CLANG_WARN_OBJC_ROOT_CLASS = YES_ERROR;
				CLANG_WARN_QUOTED_INCLUDE_IN_FRAMEWORK_HEADER = YES;
				CLANG_WARN_RANGE_LOOP_ANALYSIS = YES;
				CLANG_WARN_STRICT_PROTOTYPES = YES;
				CLANG_WARN_SUSPICIOUS_MOVE = YES;
				CLANG_WARN_UNGUARDED_AVAILABILITY = YES_AGGRESSIVE;
				CLANG_WARN_UNREACHABLE_CODE = YES;
				CLANG_WARN__DUPLICATE_METHOD_MATCH = YES;
				COPY_PHASE_STRIP = NO;
				DEBUG_INFORMATION_FORMAT = dwarf;
				ENABLE_STRICT_OBJC_MSGSEND = YES;
				ENABLE_TESTABILITY = YES;
				GCC_C_LANGUAGE_STANDARD = gnu11;
				GCC_DYNAMIC_NO_PIC = NO;
				GCC_NO_COMMON_BLOCKS = YES;
				GCC_OPTIMIZATION_LEVEL = 0;
				GCC_PREPROCESSOR_DEFINITIONS = (
					"DEBUG=1",
					"$(inherited)",
				);
				GCC_WARN_64_TO_32_BIT_CONVERSION = YES;
				GCC_WARN_ABOUT_RETURN_TYPE = YES_ERROR;
				GCC_WARN_UNDECLARED_SELECTOR = YES;
				GCC_WARN_UNINITIALIZED_AUTOS = YES_AGGRESSIVE;
				GCC_WARN_UNUSED_FUNCTION = YES;
				GCC_WARN_UNUSED_VARIABLE = YES;
				IPHONEOS_DEPLOYMENT_TARGET = 15.5;
				MTL_ENABLE_DEBUG_INFO = INCLUDE_SOURCE;
				MTL_FAST_MATH = YES;
				ONLY_ACTIVE_ARCH = YES;
				SDKROOT = iphoneos;
				SWIFT_ACTIVE_COMPILATION_CONDITIONS = DEBUG;
				SWIFT_OPTIMIZATION_LEVEL = "-Onone";
			};
			name = Debug;
		};
		C17CB46F28A9D22000FE54F3 /* Release */ = {
			isa = XCBuildConfiguration;
			buildSettings = {
				ALWAYS_SEARCH_USER_PATHS = NO;
				CLANG_ANALYZER_NONNULL = YES;
				CLANG_ANALYZER_NUMBER_OBJECT_CONVERSION = YES_AGGRESSIVE;
				CLANG_CXX_LANGUAGE_STANDARD = "gnu++17";
				CLANG_ENABLE_MODULES = YES;
				CLANG_ENABLE_OBJC_ARC = YES;
				CLANG_ENABLE_OBJC_WEAK = YES;
				CLANG_WARN_BLOCK_CAPTURE_AUTORELEASING = YES;
				CLANG_WARN_BOOL_CONVERSION = YES;
				CLANG_WARN_COMMA = YES;
				CLANG_WARN_CONSTANT_CONVERSION = YES;
				CLANG_WARN_DEPRECATED_OBJC_IMPLEMENTATIONS = YES;
				CLANG_WARN_DIRECT_OBJC_ISA_USAGE = YES_ERROR;
				CLANG_WARN_DOCUMENTATION_COMMENTS = YES;
				CLANG_WARN_EMPTY_BODY = YES;
				CLANG_WARN_ENUM_CONVERSION = YES;
				CLANG_WARN_INFINITE_RECURSION = YES;
				CLANG_WARN_INT_CONVERSION = YES;
				CLANG_WARN_NON_LITERAL_NULL_CONVERSION = YES;
				CLANG_WARN_OBJC_IMPLICIT_RETAIN_SELF = YES;
				CLANG_WARN_OBJC_LITERAL_CONVERSION = YES;
				CLANG_WARN_OBJC_ROOT_CLASS = YES_ERROR;
				CLANG_WARN_QUOTED_INCLUDE_IN_FRAMEWORK_HEADER = YES;
				CLANG_WARN_RANGE_LOOP_ANALYSIS = YES;
				CLANG_WARN_STRICT_PROTOTYPES = YES;
				CLANG_WARN_SUSPICIOUS_MOVE = YES;
				CLANG_WARN_UNGUARDED_AVAILABILITY = YES_AGGRESSIVE;
				CLANG_WARN_UNREACHABLE_CODE = YES;
				CLANG_WARN__DUPLICATE_METHOD_MATCH = YES;
				COPY_PHASE_STRIP = NO;
				DEBUG_INFORMATION_FORMAT = "dwarf-with-dsym";
				ENABLE_NS_ASSERTIONS = NO;
				ENABLE_STRICT_OBJC_MSGSEND = YES;
				GCC_C_LANGUAGE_STANDARD = gnu11;
				GCC_NO_COMMON_BLOCKS = YES;
				GCC_WARN_64_TO_32_BIT_CONVERSION = YES;
				GCC_WARN_ABOUT_RETURN_TYPE = YES_ERROR;
				GCC_WARN_UNDECLARED_SELECTOR = YES;
				GCC_WARN_UNINITIALIZED_AUTOS = YES_AGGRESSIVE;
				GCC_WARN_UNUSED_FUNCTION = YES;
				GCC_WARN_UNUSED_VARIABLE = YES;
				IPHONEOS_DEPLOYMENT_TARGET = 15.5;
				MTL_ENABLE_DEBUG_INFO = NO;
				MTL_FAST_MATH = YES;
				SDKROOT = iphoneos;
				SWIFT_COMPILATION_MODE = wholemodule;
				SWIFT_OPTIMIZATION_LEVEL = "-O";
				VALIDATE_PRODUCT = YES;
			};
			name = Release;
		};
		C17CB47128A9D22000FE54F3 /* Debug */ = {
			isa = XCBuildConfiguration;
			buildSettings = {
				ASSETCATALOG_COMPILER_APPICON_NAME = AppIcon;
				ASSETCATALOG_COMPILER_GLOBAL_ACCENT_COLOR_NAME = AccentColor;
				CODE_SIGN_STYLE = Automatic;
				CURRENT_PROJECT_VERSION = 1;
				DEVELOPMENT_TEAM = 269NMMFH34;
				GENERATE_INFOPLIST_FILE = YES;
				INFOPLIST_FILE = ProyectoTwitter/Info.plist;
				INFOPLIST_KEY_UIApplicationSupportsIndirectInputEvents = YES;
				INFOPLIST_KEY_UILaunchStoryboardName = LaunchScreen;
				INFOPLIST_KEY_UIMainStoryboardFile = Main;
				INFOPLIST_KEY_UISupportedInterfaceOrientations_iPad = "UIInterfaceOrientationPortrait UIInterfaceOrientationPortraitUpsideDown UIInterfaceOrientationLandscapeLeft UIInterfaceOrientationLandscapeRight";
				INFOPLIST_KEY_UISupportedInterfaceOrientations_iPhone = "UIInterfaceOrientationPortrait UIInterfaceOrientationLandscapeLeft UIInterfaceOrientationLandscapeRight";
				LD_RUNPATH_SEARCH_PATHS = (
					"$(inherited)",
					"@executable_path/Frameworks",
				);
				MARKETING_VERSION = 1.0;
				PRODUCT_BUNDLE_IDENTIFIER = Solidusystems.ProyectoTwitter;
				PRODUCT_NAME = "$(TARGET_NAME)";
				SWIFT_EMIT_LOC_STRINGS = YES;
				SWIFT_VERSION = 5.0;
				TARGETED_DEVICE_FAMILY = "1,2";
			};
			name = Debug;
		};
		C17CB47228A9D22000FE54F3 /* Release */ = {
			isa = XCBuildConfiguration;
			buildSettings = {
				ASSETCATALOG_COMPILER_APPICON_NAME = AppIcon;
				ASSETCATALOG_COMPILER_GLOBAL_ACCENT_COLOR_NAME = AccentColor;
				CODE_SIGN_STYLE = Automatic;
				CURRENT_PROJECT_VERSION = 1;
				DEVELOPMENT_TEAM = 269NMMFH34;
				GENERATE_INFOPLIST_FILE = YES;
				INFOPLIST_FILE = ProyectoTwitter/Info.plist;
				INFOPLIST_KEY_UIApplicationSupportsIndirectInputEvents = YES;
				INFOPLIST_KEY_UILaunchStoryboardName = LaunchScreen;
				INFOPLIST_KEY_UIMainStoryboardFile = Main;
				INFOPLIST_KEY_UISupportedInterfaceOrientations_iPad = "UIInterfaceOrientationPortrait UIInterfaceOrientationPortraitUpsideDown UIInterfaceOrientationLandscapeLeft UIInterfaceOrientationLandscapeRight";
				INFOPLIST_KEY_UISupportedInterfaceOrientations_iPhone = "UIInterfaceOrientationPortrait UIInterfaceOrientationLandscapeLeft UIInterfaceOrientationLandscapeRight";
				LD_RUNPATH_SEARCH_PATHS = (
					"$(inherited)",
					"@executable_path/Frameworks",
				);
				MARKETING_VERSION = 1.0;
				PRODUCT_BUNDLE_IDENTIFIER = Solidusystems.ProyectoTwitter;
				PRODUCT_NAME = "$(TARGET_NAME)";
				SWIFT_EMIT_LOC_STRINGS = YES;
				SWIFT_VERSION = 5.0;
				TARGETED_DEVICE_FAMILY = "1,2";
			};
			name = Release;
		};
/* End XCBuildConfiguration section */

/* Begin XCConfigurationList section */
		C17CB45728A9D21A00FE54F3 /* Build configuration list for PBXProject "ProyectoTwitter" */ = {
			isa = XCConfigurationList;
			buildConfigurations = (
				C17CB46E28A9D22000FE54F3 /* Debug */,
				C17CB46F28A9D22000FE54F3 /* Release */,
			);
			defaultConfigurationIsVisible = 0;
			defaultConfigurationName = Release;
		};
		C17CB47028A9D22000FE54F3 /* Build configuration list for PBXNativeTarget "ProyectoTwitter" */ = {
			isa = XCConfigurationList;
			buildConfigurations = (
				C17CB47128A9D22000FE54F3 /* Debug */,
				C17CB47228A9D22000FE54F3 /* Release */,
			);
			defaultConfigurationIsVisible = 0;
			defaultConfigurationName = Release;
		};
/* End XCConfigurationList section */
	};
	rootObject = C17CB45428A9D21A00FE54F3 /* Project object */;
}
